// !$*UTF8*$!
{
	archiveVersion = 1;
	classes = {
	};
	objectVersion = 56;
	objects = {

/* Begin PBXBuildFile section */
		1F0CA056298DCAC5005F6F10 /* LoremSwiftum in Frameworks */ = {isa = PBXBuildFile; productRef = 1F0CA055298DCAC5005F6F10 /* LoremSwiftum */; };
		1F0CA095298F6DAE005F6F10 /* StorageView.swift in Sources */ = {isa = PBXBuildFile; fileRef = 1F0CA094298F6DAE005F6F10 /* StorageView.swift */; };
		1F0CA09729902204005F6F10 /* PaperUpdateView.swift in Sources */ = {isa = PBXBuildFile; fileRef = 1F0CA09629902204005F6F10 /* PaperUpdateView.swift */; };
		1F16587129916A38008E26FF /* GRDB in Frameworks */ = {isa = PBXBuildFile; productRef = 1F16587029916A38008E26FF /* GRDB */; };
		1F280456299C2CD1006E9AF2 /* GroupCount.swift in Sources */ = {isa = PBXBuildFile; fileRef = 1F280455299C2CD1006E9AF2 /* GroupCount.swift */; };
		1F280458299C2D51006E9AF2 /* GroupCountAccess.swift in Sources */ = {isa = PBXBuildFile; fileRef = 1F280457299C2D50006E9AF2 /* GroupCountAccess.swift */; };
		1F28045A299C34C6006E9AF2 /* GroupCountRequest.swift in Sources */ = {isa = PBXBuildFile; fileRef = 1F280459299C34C6006E9AF2 /* GroupCountRequest.swift */; };
		1F28045C299C92DE006E9AF2 /* SidebarUploadView.swift in Sources */ = {isa = PBXBuildFile; fileRef = 1F28045B299C92DE006E9AF2 /* SidebarUploadView.swift */; };
		1F28045F299EC9C3006E9AF2 /* AppStorage.swift in Sources */ = {isa = PBXBuildFile; fileRef = 1F28045E299EC9C3006E9AF2 /* AppStorage.swift */; };
		1F28102229830C8500A6D4CD /* SidebarView.swift in Sources */ = {isa = PBXBuildFile; fileRef = 1F28102129830C8500A6D4CD /* SidebarView.swift */; };
		1F28102629832A6000A6D4CD /* SettingsView.swift in Sources */ = {isa = PBXBuildFile; fileRef = 1F28102529832A6000A6D4CD /* SettingsView.swift */; };
		1F28102929832AEF00A6D4CD /* GeneralView.swift in Sources */ = {isa = PBXBuildFile; fileRef = 1F28102829832AEF00A6D4CD /* GeneralView.swift */; };
		1F28102B29832CD700A6D4CD /* Credits.html in Resources */ = {isa = PBXBuildFile; fileRef = 1F28102A29832CD700A6D4CD /* Credits.html */; };
		1F28102E2983361200A6D4CD /* SidebarGroupView.swift in Sources */ = {isa = PBXBuildFile; fileRef = 1F28102D2983361200A6D4CD /* SidebarGroupView.swift */; };
		1F2810302983361C00A6D4CD /* SidebarTagView.swift in Sources */ = {isa = PBXBuildFile; fileRef = 1F28102F2983361C00A6D4CD /* SidebarTagView.swift */; };
		1F28103429834FC500A6D4CD /* SidebarActionView.swift in Sources */ = {isa = PBXBuildFile; fileRef = 1F28103329834FC500A6D4CD /* SidebarActionView.swift */; };
		1F28103E2985B8BB00A6D4CD /* SidebarGroupAddView.swift in Sources */ = {isa = PBXBuildFile; fileRef = 1F28103D2985B8BB00A6D4CD /* SidebarGroupAddView.swift */; };
		1F2BC32929920E5200BE74BD /* Paper.swift in Sources */ = {isa = PBXBuildFile; fileRef = 1F2BC32829920E5200BE74BD /* Paper.swift */; };
		1F2BC32B299214CA00BE74BD /* PaperRequest.swift in Sources */ = {isa = PBXBuildFile; fileRef = 1F2BC32A299214CA00BE74BD /* PaperRequest.swift */; };
		1F2BC32D2992154200BE74BD /* PaperAccess.swift in Sources */ = {isa = PBXBuildFile; fileRef = 1F2BC32C2992154200BE74BD /* PaperAccess.swift */; };
		1F2BC32F2992165B00BE74BD /* AppDatabase+Validation.swift in Sources */ = {isa = PBXBuildFile; fileRef = 1F2BC32E2992165B00BE74BD /* AppDatabase+Validation.swift */; };
		1F2DA29A2988AE1E00837D0B /* TextField.swift in Sources */ = {isa = PBXBuildFile; fileRef = 1F2DA2992988AE1E00837D0B /* TextField.swift */; };
		1F2DA3192988C46800837D0B /* AppDatabase+Persistence.swift in Sources */ = {isa = PBXBuildFile; fileRef = 1F2DA3182988C46800837D0B /* AppDatabase+Persistence.swift */; };
		1F2DA31C2988C4FC00837D0B /* Group.swift in Sources */ = {isa = PBXBuildFile; fileRef = 1F2DA31B2988C4FC00837D0B /* Group.swift */; };
		1F4ED681299098D4005732DE /* AppDatabase.swift in Sources */ = {isa = PBXBuildFile; fileRef = 1F4ED680299098D4005732DE /* AppDatabase.swift */; };
		1F66E2B829914189000135C8 /* Develop.swift in Sources */ = {isa = PBXBuildFile; fileRef = 1F66E2B729914189000135C8 /* Develop.swift */; };
		1F7C345A2997355D004A18A4 /* ContextMenuAddGroup.swift in Sources */ = {isa = PBXBuildFile; fileRef = 1F7C34592997355D004A18A4 /* ContextMenuAddGroup.swift */; };
		1F85ECA4299D7BF7006B4644 /* FileTypeIdentifiers.swift in Sources */ = {isa = PBXBuildFile; fileRef = 1F85ECA3299D7BF7006B4644 /* FileTypeIdentifiers.swift */; };
		1F85ECA7299D92A2006B4644 /* FileStorage.swift in Sources */ = {isa = PBXBuildFile; fileRef = 1F85ECA6299D92A2006B4644 /* FileStorage.swift */; };
		1F85ECA9299DB822006B4644 /* FileAccess.swift in Sources */ = {isa = PBXBuildFile; fileRef = 1F85ECA8299DB822006B4644 /* FileAccess.swift */; };
		1F9862AD2991947800B17A48 /* GRDBQuery in Frameworks */ = {isa = PBXBuildFile; productRef = 1F9862AC2991947800B17A48 /* GRDBQuery */; };
		1F9862AF299194B900B17A48 /* GroupRequest.swift in Sources */ = {isa = PBXBuildFile; fileRef = 1F9862AE299194B900B17A48 /* GroupRequest.swift */; };
		1F9862B12991ABF700B17A48 /* SidebarGroupEditView.swift in Sources */ = {isa = PBXBuildFile; fileRef = 1F9862B02991ABF700B17A48 /* SidebarGroupEditView.swift */; };
		1FAF9DF62981B9E6000C7D33 /* PaperoadApp.swift in Sources */ = {isa = PBXBuildFile; fileRef = 1FAF9DF52981B9E6000C7D33 /* PaperoadApp.swift */; };
		1FAF9DF82981B9E6000C7D33 /* ContentView.swift in Sources */ = {isa = PBXBuildFile; fileRef = 1FAF9DF72981B9E6000C7D33 /* ContentView.swift */; };
		1FAF9DFA2981B9E7000C7D33 /* Assets.xcassets in Resources */ = {isa = PBXBuildFile; fileRef = 1FAF9DF92981B9E7000C7D33 /* Assets.xcassets */; };
		1FAF9DFD2981B9E7000C7D33 /* Preview Assets.xcassets in Resources */ = {isa = PBXBuildFile; fileRef = 1FAF9DFC2981B9E7000C7D33 /* Preview Assets.xcassets */; };
		1FAF9E082981B9E7000C7D33 /* PaperoadTests.swift in Sources */ = {isa = PBXBuildFile; fileRef = 1FAF9E072981B9E7000C7D33 /* PaperoadTests.swift */; };
		1FAF9E122981B9E7000C7D33 /* PaperoadUITests.swift in Sources */ = {isa = PBXBuildFile; fileRef = 1FAF9E112981B9E7000C7D33 /* PaperoadUITests.swift */; };
		1FAF9E142981B9E7000C7D33 /* PaperoadUITestsLaunchTests.swift in Sources */ = {isa = PBXBuildFile; fileRef = 1FAF9E132981B9E7000C7D33 /* PaperoadUITestsLaunchTests.swift */; };
		1FAF9E642984773B000C7D33 /* PapersView.swift in Sources */ = {isa = PBXBuildFile; fileRef = 1FAF9E632984773B000C7D33 /* PapersView.swift */; };
		1FB855542991542200DF278B /* GroupViewModel.swift in Sources */ = {isa = PBXBuildFile; fileRef = 1FB855532991542200DF278B /* GroupViewModel.swift */; };
		1FB855572991566900DF278B /* GroupAccess.swift in Sources */ = {isa = PBXBuildFile; fileRef = 1FB855562991566900DF278B /* GroupAccess.swift */; };
		1FD069312993FFBF00F99706 /* ToolbarMiddle.swift in Sources */ = {isa = PBXBuildFile; fileRef = 1FD069302993FFBF00F99706 /* ToolbarMiddle.swift */; };
		1FD0693529944D6200F99706 /* PapersWrapperView.swift in Sources */ = {isa = PBXBuildFile; fileRef = 1FD0693429944D6200F99706 /* PapersWrapperView.swift */; };
		1FD328EB29A080C600EA6FFC /* Gesture.swift in Sources */ = {isa = PBXBuildFile; fileRef = 1FD328EA29A080C600EA6FFC /* Gesture.swift */; };
		1FF1D348298ACAF9003B4F2B /* PaperAddView.swift in Sources */ = {isa = PBXBuildFile; fileRef = 1FF1D347298ACAF9003B4F2B /* PaperAddView.swift */; };
		1FF1D34A298B0AD5003B4F2B /* PaperAddByIdView.swift in Sources */ = {isa = PBXBuildFile; fileRef = 1FF1D349298B0AD5003B4F2B /* PaperAddByIdView.swift */; };
		1FF1D34E298B0C5F003B4F2B /* Data.swift in Sources */ = {isa = PBXBuildFile; fileRef = 1FF1D34D298B0C5F003B4F2B /* Data.swift */; };
		1FF1D353298C16E0003B4F2B /* Button.swift in Sources */ = {isa = PBXBuildFile; fileRef = 1FF1D352298C16E0003B4F2B /* Button.swift */; };
		1FF1D358298C3F05003B4F2B /* Date.swift in Sources */ = {isa = PBXBuildFile; fileRef = 1FF1D357298C3F05003B4F2B /* Date.swift */; };
		1FF1D35B298C4454003B4F2B /* PaperListItem.swift in Sources */ = {isa = PBXBuildFile; fileRef = 1FF1D35A298C4454003B4F2B /* PaperListItem.swift */; };
/* End PBXBuildFile section */

/* Begin PBXContainerItemProxy section */
		1FAF9E042981B9E7000C7D33 /* PBXContainerItemProxy */ = {
			isa = PBXContainerItemProxy;
			containerPortal = 1FAF9DEA2981B9E5000C7D33 /* Project object */;
			proxyType = 1;
			remoteGlobalIDString = 1FAF9DF12981B9E5000C7D33;
			remoteInfo = Paperoad;
		};
		1FAF9E0E2981B9E7000C7D33 /* PBXContainerItemProxy */ = {
			isa = PBXContainerItemProxy;
			containerPortal = 1FAF9DEA2981B9E5000C7D33 /* Project object */;
			proxyType = 1;
			remoteGlobalIDString = 1FAF9DF12981B9E5000C7D33;
			remoteInfo = Paperoad;
		};
/* End PBXContainerItemProxy section */

/* Begin PBXFileReference section */
		1F0CA094298F6DAE005F6F10 /* StorageView.swift */ = {isa = PBXFileReference; lastKnownFileType = sourcecode.swift; path = StorageView.swift; sourceTree = "<group>"; };
		1F0CA09629902204005F6F10 /* PaperUpdateView.swift */ = {isa = PBXFileReference; lastKnownFileType = sourcecode.swift; path = PaperUpdateView.swift; sourceTree = "<group>"; };
		1F280455299C2CD1006E9AF2 /* GroupCount.swift */ = {isa = PBXFileReference; lastKnownFileType = sourcecode.swift; path = GroupCount.swift; sourceTree = "<group>"; };
		1F280457299C2D50006E9AF2 /* GroupCountAccess.swift */ = {isa = PBXFileReference; lastKnownFileType = sourcecode.swift; path = GroupCountAccess.swift; sourceTree = "<group>"; };
		1F280459299C34C6006E9AF2 /* GroupCountRequest.swift */ = {isa = PBXFileReference; lastKnownFileType = sourcecode.swift; path = GroupCountRequest.swift; sourceTree = "<group>"; };
		1F28045B299C92DE006E9AF2 /* SidebarUploadView.swift */ = {isa = PBXFileReference; lastKnownFileType = sourcecode.swift; path = SidebarUploadView.swift; sourceTree = "<group>"; };
		1F28045E299EC9C3006E9AF2 /* AppStorage.swift */ = {isa = PBXFileReference; lastKnownFileType = sourcecode.swift; path = AppStorage.swift; sourceTree = "<group>"; };
		1F28102129830C8500A6D4CD /* SidebarView.swift */ = {isa = PBXFileReference; lastKnownFileType = sourcecode.swift; path = SidebarView.swift; sourceTree = "<group>"; };
		1F28102529832A6000A6D4CD /* SettingsView.swift */ = {isa = PBXFileReference; lastKnownFileType = sourcecode.swift; path = SettingsView.swift; sourceTree = "<group>"; };
		1F28102829832AEF00A6D4CD /* GeneralView.swift */ = {isa = PBXFileReference; lastKnownFileType = sourcecode.swift; path = GeneralView.swift; sourceTree = "<group>"; };
		1F28102A29832CD700A6D4CD /* Credits.html */ = {isa = PBXFileReference; lastKnownFileType = text.html; path = Credits.html; sourceTree = "<group>"; };
		1F28102D2983361200A6D4CD /* SidebarGroupView.swift */ = {isa = PBXFileReference; lastKnownFileType = sourcecode.swift; path = SidebarGroupView.swift; sourceTree = "<group>"; };
		1F28102F2983361C00A6D4CD /* SidebarTagView.swift */ = {isa = PBXFileReference; lastKnownFileType = sourcecode.swift; path = SidebarTagView.swift; sourceTree = "<group>"; };
		1F28103329834FC500A6D4CD /* SidebarActionView.swift */ = {isa = PBXFileReference; lastKnownFileType = sourcecode.swift; path = SidebarActionView.swift; sourceTree = "<group>"; };
		1F28103D2985B8BB00A6D4CD /* SidebarGroupAddView.swift */ = {isa = PBXFileReference; lastKnownFileType = sourcecode.swift; path = SidebarGroupAddView.swift; sourceTree = "<group>"; };
		1F2BC32829920E5200BE74BD /* Paper.swift */ = {isa = PBXFileReference; lastKnownFileType = sourcecode.swift; path = Paper.swift; sourceTree = "<group>"; };
		1F2BC32A299214CA00BE74BD /* PaperRequest.swift */ = {isa = PBXFileReference; lastKnownFileType = sourcecode.swift; path = PaperRequest.swift; sourceTree = "<group>"; };
		1F2BC32C2992154200BE74BD /* PaperAccess.swift */ = {isa = PBXFileReference; lastKnownFileType = sourcecode.swift; path = PaperAccess.swift; sourceTree = "<group>"; };
		1F2BC32E2992165B00BE74BD /* AppDatabase+Validation.swift */ = {isa = PBXFileReference; lastKnownFileType = sourcecode.swift; path = "AppDatabase+Validation.swift"; sourceTree = "<group>"; };
		1F2DA2992988AE1E00837D0B /* TextField.swift */ = {isa = PBXFileReference; lastKnownFileType = sourcecode.swift; path = TextField.swift; sourceTree = "<group>"; };
		1F2DA3182988C46800837D0B /* AppDatabase+Persistence.swift */ = {isa = PBXFileReference; lastKnownFileType = sourcecode.swift; path = "AppDatabase+Persistence.swift"; sourceTree = "<group>"; };
		1F2DA31B2988C4FC00837D0B /* Group.swift */ = {isa = PBXFileReference; lastKnownFileType = sourcecode.swift; path = Group.swift; sourceTree = "<group>"; };
		1F4ED680299098D4005732DE /* AppDatabase.swift */ = {isa = PBXFileReference; lastKnownFileType = sourcecode.swift; path = AppDatabase.swift; sourceTree = "<group>"; };
		1F66E2B729914189000135C8 /* Develop.swift */ = {isa = PBXFileReference; lastKnownFileType = sourcecode.swift; path = Develop.swift; sourceTree = "<group>"; };
		1F7C34592997355D004A18A4 /* ContextMenuAddGroup.swift */ = {isa = PBXFileReference; lastKnownFileType = sourcecode.swift; path = ContextMenuAddGroup.swift; sourceTree = "<group>"; };
		1F85ECA3299D7BF7006B4644 /* FileTypeIdentifiers.swift */ = {isa = PBXFileReference; lastKnownFileType = sourcecode.swift; path = FileTypeIdentifiers.swift; sourceTree = "<group>"; };
		1F85ECA6299D92A2006B4644 /* FileStorage.swift */ = {isa = PBXFileReference; lastKnownFileType = sourcecode.swift; path = FileStorage.swift; sourceTree = "<group>"; };
		1F85ECA8299DB822006B4644 /* FileAccess.swift */ = {isa = PBXFileReference; lastKnownFileType = sourcecode.swift; path = FileAccess.swift; sourceTree = "<group>"; };
		1F9862AE299194B900B17A48 /* GroupRequest.swift */ = {isa = PBXFileReference; lastKnownFileType = sourcecode.swift; path = GroupRequest.swift; sourceTree = "<group>"; };
		1F9862B02991ABF700B17A48 /* SidebarGroupEditView.swift */ = {isa = PBXFileReference; lastKnownFileType = sourcecode.swift; path = SidebarGroupEditView.swift; sourceTree = "<group>"; };
		1FAF9DF22981B9E5000C7D33 /* Paperoad.app */ = {isa = PBXFileReference; explicitFileType = wrapper.application; includeInIndex = 0; path = Paperoad.app; sourceTree = BUILT_PRODUCTS_DIR; };
		1FAF9DF52981B9E6000C7D33 /* PaperoadApp.swift */ = {isa = PBXFileReference; lastKnownFileType = sourcecode.swift; path = PaperoadApp.swift; sourceTree = "<group>"; };
		1FAF9DF72981B9E6000C7D33 /* ContentView.swift */ = {isa = PBXFileReference; lastKnownFileType = sourcecode.swift; path = ContentView.swift; sourceTree = "<group>"; };
		1FAF9DF92981B9E7000C7D33 /* Assets.xcassets */ = {isa = PBXFileReference; lastKnownFileType = folder.assetcatalog; path = Assets.xcassets; sourceTree = "<group>"; };
		1FAF9DFC2981B9E7000C7D33 /* Preview Assets.xcassets */ = {isa = PBXFileReference; lastKnownFileType = folder.assetcatalog; path = "Preview Assets.xcassets"; sourceTree = "<group>"; };
		1FAF9DFE2981B9E7000C7D33 /* Paperoad.entitlements */ = {isa = PBXFileReference; lastKnownFileType = text.plist.entitlements; path = Paperoad.entitlements; sourceTree = "<group>"; };
		1FAF9E032981B9E7000C7D33 /* PaperoadTests.xctest */ = {isa = PBXFileReference; explicitFileType = wrapper.cfbundle; includeInIndex = 0; path = PaperoadTests.xctest; sourceTree = BUILT_PRODUCTS_DIR; };
		1FAF9E072981B9E7000C7D33 /* PaperoadTests.swift */ = {isa = PBXFileReference; lastKnownFileType = sourcecode.swift; path = PaperoadTests.swift; sourceTree = "<group>"; };
		1FAF9E0D2981B9E7000C7D33 /* PaperoadUITests.xctest */ = {isa = PBXFileReference; explicitFileType = wrapper.cfbundle; includeInIndex = 0; path = PaperoadUITests.xctest; sourceTree = BUILT_PRODUCTS_DIR; };
		1FAF9E112981B9E7000C7D33 /* PaperoadUITests.swift */ = {isa = PBXFileReference; lastKnownFileType = sourcecode.swift; path = PaperoadUITests.swift; sourceTree = "<group>"; };
		1FAF9E132981B9E7000C7D33 /* PaperoadUITestsLaunchTests.swift */ = {isa = PBXFileReference; lastKnownFileType = sourcecode.swift; path = PaperoadUITestsLaunchTests.swift; sourceTree = "<group>"; };
		1FAF9E372981CA53000C7D33 /* README.md */ = {isa = PBXFileReference; lastKnownFileType = net.daringfireball.markdown; path = README.md; sourceTree = "<group>"; };
		1FAF9E632984773B000C7D33 /* PapersView.swift */ = {isa = PBXFileReference; lastKnownFileType = sourcecode.swift; path = PapersView.swift; sourceTree = "<group>"; };
		1FB855532991542200DF278B /* GroupViewModel.swift */ = {isa = PBXFileReference; lastKnownFileType = sourcecode.swift; path = GroupViewModel.swift; sourceTree = "<group>"; };
		1FB855562991566900DF278B /* GroupAccess.swift */ = {isa = PBXFileReference; lastKnownFileType = sourcecode.swift; path = GroupAccess.swift; sourceTree = "<group>"; };
		1FD069302993FFBF00F99706 /* ToolbarMiddle.swift */ = {isa = PBXFileReference; lastKnownFileType = sourcecode.swift; path = ToolbarMiddle.swift; sourceTree = "<group>"; };
		1FD0693429944D6200F99706 /* PapersWrapperView.swift */ = {isa = PBXFileReference; lastKnownFileType = sourcecode.swift; path = PapersWrapperView.swift; sourceTree = "<group>"; };
		1FD328EA29A080C600EA6FFC /* Gesture.swift */ = {isa = PBXFileReference; lastKnownFileType = sourcecode.swift; path = Gesture.swift; sourceTree = "<group>"; };
		1FF1D347298ACAF9003B4F2B /* PaperAddView.swift */ = {isa = PBXFileReference; lastKnownFileType = sourcecode.swift; path = PaperAddView.swift; sourceTree = "<group>"; };
		1FF1D349298B0AD5003B4F2B /* PaperAddByIdView.swift */ = {isa = PBXFileReference; lastKnownFileType = sourcecode.swift; path = PaperAddByIdView.swift; sourceTree = "<group>"; };
		1FF1D34D298B0C5F003B4F2B /* Data.swift */ = {isa = PBXFileReference; lastKnownFileType = sourcecode.swift; path = Data.swift; sourceTree = "<group>"; };
		1FF1D352298C16E0003B4F2B /* Button.swift */ = {isa = PBXFileReference; lastKnownFileType = sourcecode.swift; path = Button.swift; sourceTree = "<group>"; };
		1FF1D357298C3F05003B4F2B /* Date.swift */ = {isa = PBXFileReference; lastKnownFileType = sourcecode.swift; path = Date.swift; sourceTree = "<group>"; };
		1FF1D35A298C4454003B4F2B /* PaperListItem.swift */ = {isa = PBXFileReference; lastKnownFileType = sourcecode.swift; path = PaperListItem.swift; sourceTree = "<group>"; };
/* End PBXFileReference section */

/* Begin PBXFrameworksBuildPhase section */
		1FAF9DEF2981B9E5000C7D33 /* Frameworks */ = {
			isa = PBXFrameworksBuildPhase;
			buildActionMask = 2147483647;
			files = (
				1F0CA056298DCAC5005F6F10 /* LoremSwiftum in Frameworks */,
				1F16587129916A38008E26FF /* GRDB in Frameworks */,
				1F9862AD2991947800B17A48 /* GRDBQuery in Frameworks */,
			);
			runOnlyForDeploymentPostprocessing = 0;
		};
		1FAF9E002981B9E7000C7D33 /* Frameworks */ = {
			isa = PBXFrameworksBuildPhase;
			buildActionMask = 2147483647;
			files = (
			);
			runOnlyForDeploymentPostprocessing = 0;
		};
		1FAF9E0A2981B9E7000C7D33 /* Frameworks */ = {
			isa = PBXFrameworksBuildPhase;
			buildActionMask = 2147483647;
			files = (
			);
			runOnlyForDeploymentPostprocessing = 0;
		};
/* End PBXFrameworksBuildPhase section */

/* Begin PBXGroup section */
		1F26B9392985DAAE00709752 /* Sheets */ = {
			isa = PBXGroup;
			children = (
				1F9862B32991AC2000B17A48 /* Paper */,
				1F9862B22991AC1400B17A48 /* SidebarGroup */,
			);
			path = Sheets;
			sourceTree = "<group>";
		};
		1F26B9452985F41300709752 /* Data */ = {
			isa = PBXGroup;
			children = (
				1F2BC32729920D8A00BE74BD /* Paper */,
				1F2DA31A2988C4F300837D0B /* Group */,
				1F280454299C2CBB006E9AF2 /* GroupCount */,
				1F4ED680299098D4005732DE /* AppDatabase.swift */,
				1F2DA3182988C46800837D0B /* AppDatabase+Persistence.swift */,
				1F2BC32E2992165B00BE74BD /* AppDatabase+Validation.swift */,
				1F28045E299EC9C3006E9AF2 /* AppStorage.swift */,
			);
			path = Data;
			sourceTree = "<group>";
		};
		1F26B9482987443000709752 /* Frameworks */ = {
			isa = PBXGroup;
			children = (
			);
			name = Frameworks;
			sourceTree = "<group>";
		};
		1F280454299C2CBB006E9AF2 /* GroupCount */ = {
			isa = PBXGroup;
			children = (
				1F280455299C2CD1006E9AF2 /* GroupCount.swift */,
				1F280457299C2D50006E9AF2 /* GroupCountAccess.swift */,
				1F280459299C34C6006E9AF2 /* GroupCountRequest.swift */,
			);
			path = GroupCount;
			sourceTree = "<group>";
		};
		1F2810232983184100A6D4CD /* Sidebar */ = {
			isa = PBXGroup;
			children = (
				1F28102C298335FC00A6D4CD /* Components */,
				1F28102129830C8500A6D4CD /* SidebarView.swift */,
			);
			path = Sidebar;
			sourceTree = "<group>";
		};
		1F28102429832A2B00A6D4CD /* Settings */ = {
			isa = PBXGroup;
			children = (
				1F28102729832AE100A6D4CD /* Components */,
				1F28102529832A6000A6D4CD /* SettingsView.swift */,
			);
			path = Settings;
			sourceTree = "<group>";
		};
		1F28102729832AE100A6D4CD /* Components */ = {
			isa = PBXGroup;
			children = (
				1F28102829832AEF00A6D4CD /* GeneralView.swift */,
				1F0CA094298F6DAE005F6F10 /* StorageView.swift */,
			);
			path = Components;
			sourceTree = "<group>";
		};
		1F28102C298335FC00A6D4CD /* Components */ = {
			isa = PBXGroup;
			children = (
				1F28102D2983361200A6D4CD /* SidebarGroupView.swift */,
				1F28102F2983361C00A6D4CD /* SidebarTagView.swift */,
				1F28045B299C92DE006E9AF2 /* SidebarUploadView.swift */,
				1F28103329834FC500A6D4CD /* SidebarActionView.swift */,
			);
			path = Components;
			sourceTree = "<group>";
		};
		1F2BC32729920D8A00BE74BD /* Paper */ = {
			isa = PBXGroup;
			children = (
				1F2BC32829920E5200BE74BD /* Paper.swift */,
				1F2BC32C2992154200BE74BD /* PaperAccess.swift */,
				1F2BC32A299214CA00BE74BD /* PaperRequest.swift */,
			);
			path = Paper;
			sourceTree = "<group>";
		};
		1F2DA2982988AE1000837D0B /* Tweak */ = {
			isa = PBXGroup;
			children = (
				1F2DA2992988AE1E00837D0B /* TextField.swift */,
				1FF1D352298C16E0003B4F2B /* Button.swift */,
			);
			path = Tweak;
			sourceTree = "<group>";
		};
		1F2DA31A2988C4F300837D0B /* Group */ = {
			isa = PBXGroup;
			children = (
				1F2DA31B2988C4FC00837D0B /* Group.swift */,
				1FB855562991566900DF278B /* GroupAccess.swift */,
				1F9862AE299194B900B17A48 /* GroupRequest.swift */,
			);
			path = Group;
			sourceTree = "<group>";
		};
		1F2E54252988865A007992FA /* ViewModels */ = {
			isa = PBXGroup;
			children = (
				1FB855532991542200DF278B /* GroupViewModel.swift */,
			);
			path = ViewModels;
			sourceTree = "<group>";
		};
		1F66E2B62991417E000135C8 /* Menu */ = {
			isa = PBXGroup;
			children = (
				1F66E2B729914189000135C8 /* Develop.swift */,
			);
			path = Menu;
			sourceTree = "<group>";
		};
		1F85ECA2299D7BCC006B4644 /* Core */ = {
			isa = PBXGroup;
			children = (
				1F85ECA5299D9287006B4644 /* FileStorage */,
			);
			path = Core;
			sourceTree = "<group>";
		};
		1F85ECA5299D9287006B4644 /* FileStorage */ = {
			isa = PBXGroup;
			children = (
				1F85ECA3299D7BF7006B4644 /* FileTypeIdentifiers.swift */,
				1F85ECA6299D92A2006B4644 /* FileStorage.swift */,
				1F85ECA8299DB822006B4644 /* FileAccess.swift */,
			);
			path = FileStorage;
			sourceTree = "<group>";
		};
		1F9862B22991AC1400B17A48 /* SidebarGroup */ = {
			isa = PBXGroup;
			children = (
				1F28103D2985B8BB00A6D4CD /* SidebarGroupAddView.swift */,
				1F9862B02991ABF700B17A48 /* SidebarGroupEditView.swift */,
			);
			path = SidebarGroup;
			sourceTree = "<group>";
		};
		1F9862B32991AC2000B17A48 /* Paper */ = {
			isa = PBXGroup;
			children = (
				1FF1D347298ACAF9003B4F2B /* PaperAddView.swift */,
				1FF1D349298B0AD5003B4F2B /* PaperAddByIdView.swift */,
				1F0CA09629902204005F6F10 /* PaperUpdateView.swift */,
			);
			path = Paper;
			sourceTree = "<group>";
		};
		1FAF9DE92981B9E5000C7D33 = {
			isa = PBXGroup;
			children = (
				1F28102A29832CD700A6D4CD /* Credits.html */,
				1FAF9E372981CA53000C7D33 /* README.md */,
				1FAF9DF42981B9E5000C7D33 /* Paperoad */,
				1FAF9E062981B9E7000C7D33 /* PaperoadTests */,
				1FAF9E102981B9E7000C7D33 /* PaperoadUITests */,
				1FAF9DF32981B9E5000C7D33 /* Products */,
				1F26B9482987443000709752 /* Frameworks */,
			);
			sourceTree = "<group>";
		};
		1FAF9DF32981B9E5000C7D33 /* Products */ = {
			isa = PBXGroup;
			children = (
				1FAF9DF22981B9E5000C7D33 /* Paperoad.app */,
				1FAF9E032981B9E7000C7D33 /* PaperoadTests.xctest */,
				1FAF9E0D2981B9E7000C7D33 /* PaperoadUITests.xctest */,
			);
			name = Products;
			sourceTree = "<group>";
		};
		1FAF9DF42981B9E5000C7D33 /* Paperoad */ = {
			isa = PBXGroup;
			children = (
				1F85ECA2299D7BCC006B4644 /* Core */,
				1FF1D356298C3EF8003B4F2B /* Extensions */,
				1FF1D34B298B0B7B003B4F2B /* Shared */,
				1F2E54252988865A007992FA /* ViewModels */,
				1F26B9452985F41300709752 /* Data */,
				1FAF9E202981BC0A000C7D33 /* UI */,
				1FAF9DF52981B9E6000C7D33 /* PaperoadApp.swift */,
				1FAF9DF92981B9E7000C7D33 /* Assets.xcassets */,
				1FAF9DFE2981B9E7000C7D33 /* Paperoad.entitlements */,
				1FAF9DFB2981B9E7000C7D33 /* Preview Content */,
			);
			path = Paperoad;
			sourceTree = "<group>";
		};
		1FAF9DFB2981B9E7000C7D33 /* Preview Content */ = {
			isa = PBXGroup;
			children = (
				1FAF9DFC2981B9E7000C7D33 /* Preview Assets.xcassets */,
			);
			path = "Preview Content";
			sourceTree = "<group>";
		};
		1FAF9E062981B9E7000C7D33 /* PaperoadTests */ = {
			isa = PBXGroup;
			children = (
				1FAF9E072981B9E7000C7D33 /* PaperoadTests.swift */,
			);
			path = PaperoadTests;
			sourceTree = "<group>";
		};
		1FAF9E102981B9E7000C7D33 /* PaperoadUITests */ = {
			isa = PBXGroup;
			children = (
				1FAF9E112981B9E7000C7D33 /* PaperoadUITests.swift */,
				1FAF9E132981B9E7000C7D33 /* PaperoadUITestsLaunchTests.swift */,
			);
			path = PaperoadUITests;
			sourceTree = "<group>";
		};
		1FAF9E202981BC0A000C7D33 /* UI */ = {
			isa = PBXGroup;
			children = (
				1FD0692F2993FF7300F99706 /* Toolbar */,
				1F66E2B62991417E000135C8 /* Menu */,
				1F2DA2982988AE1000837D0B /* Tweak */,
				1F26B9392985DAAE00709752 /* Sheets */,
				1FAF9E622984771E000C7D33 /* Papers */,
				1F28102429832A2B00A6D4CD /* Settings */,
				1F2810232983184100A6D4CD /* Sidebar */,
				1FAF9DF72981B9E6000C7D33 /* ContentView.swift */,
			);
			path = UI;
			sourceTree = "<group>";
		};
		1FAF9E622984771E000C7D33 /* Papers */ = {
			isa = PBXGroup;
			children = (
				1FF1D359298C4445003B4F2B /* Components */,
				1FAF9E632984773B000C7D33 /* PapersView.swift */,
				1FD0693429944D6200F99706 /* PapersWrapperView.swift */,
			);
			path = Papers;
			sourceTree = "<group>";
		};
		1FD0692F2993FF7300F99706 /* Toolbar */ = {
			isa = PBXGroup;
			children = (
				1FD069302993FFBF00F99706 /* ToolbarMiddle.swift */,
			);
			path = Toolbar;
			sourceTree = "<group>";
		};
		1FF1D34B298B0B7B003B4F2B /* Shared */ = {
			isa = PBXGroup;
			children = (
				1FF1D34D298B0C5F003B4F2B /* Data.swift */,
			);
			path = Shared;
			sourceTree = "<group>";
		};
		1FF1D356298C3EF8003B4F2B /* Extensions */ = {
			isa = PBXGroup;
			children = (
				1FF1D357298C3F05003B4F2B /* Date.swift */,
				1FD328EA29A080C600EA6FFC /* Gesture.swift */,
			);
			path = Extensions;
			sourceTree = "<group>";
		};
		1FF1D359298C4445003B4F2B /* Components */ = {
			isa = PBXGroup;
			children = (
				1FF1D35A298C4454003B4F2B /* PaperListItem.swift */,
				1F7C34592997355D004A18A4 /* ContextMenuAddGroup.swift */,
			);
			path = Components;
			sourceTree = "<group>";
		};
/* End PBXGroup section */

/* Begin PBXHeadersBuildPhase section */
		1F16587229916B35008E26FF /* Headers */ = {
			isa = PBXHeadersBuildPhase;
			buildActionMask = 2147483647;
			files = (
			);
			runOnlyForDeploymentPostprocessing = 0;
		};
/* End PBXHeadersBuildPhase section */

/* Begin PBXNativeTarget section */
		1FAF9DF12981B9E5000C7D33 /* Paperoad */ = {
			isa = PBXNativeTarget;
			buildConfigurationList = 1FAF9E172981B9E7000C7D33 /* Build configuration list for PBXNativeTarget "Paperoad" */;
			buildPhases = (
				1FAF9DEF2981B9E5000C7D33 /* Frameworks */,
				1FAF9DEE2981B9E5000C7D33 /* Sources */,
				1F16587229916B35008E26FF /* Headers */,
				1FAF9DF02981B9E5000C7D33 /* Resources */,
			);
			buildRules = (
			);
			dependencies = (
			);
			name = Paperoad;
			packageProductDependencies = (
				1F0CA055298DCAC5005F6F10 /* LoremSwiftum */,
				1F16587029916A38008E26FF /* GRDB */,
				1F9862AC2991947800B17A48 /* GRDBQuery */,
			);
			productName = Paperoad;
			productReference = 1FAF9DF22981B9E5000C7D33 /* Paperoad.app */;
			productType = "com.apple.product-type.application";
		};
		1FAF9E022981B9E7000C7D33 /* PaperoadTests */ = {
			isa = PBXNativeTarget;
			buildConfigurationList = 1FAF9E1A2981B9E7000C7D33 /* Build configuration list for PBXNativeTarget "PaperoadTests" */;
			buildPhases = (
				1FAF9DFF2981B9E7000C7D33 /* Sources */,
				1FAF9E002981B9E7000C7D33 /* Frameworks */,
				1FAF9E012981B9E7000C7D33 /* Resources */,
			);
			buildRules = (
			);
			dependencies = (
				1FAF9E052981B9E7000C7D33 /* PBXTargetDependency */,
			);
			name = PaperoadTests;
			productName = PaperoadTests;
			productReference = 1FAF9E032981B9E7000C7D33 /* PaperoadTests.xctest */;
			productType = "com.apple.product-type.bundle.unit-test";
		};
		1FAF9E0C2981B9E7000C7D33 /* PaperoadUITests */ = {
			isa = PBXNativeTarget;
			buildConfigurationList = 1FAF9E1D2981B9E7000C7D33 /* Build configuration list for PBXNativeTarget "PaperoadUITests" */;
			buildPhases = (
				1FAF9E092981B9E7000C7D33 /* Sources */,
				1FAF9E0A2981B9E7000C7D33 /* Frameworks */,
				1FAF9E0B2981B9E7000C7D33 /* Resources */,
			);
			buildRules = (
			);
			dependencies = (
				1FAF9E0F2981B9E7000C7D33 /* PBXTargetDependency */,
			);
			name = PaperoadUITests;
			productName = PaperoadUITests;
			productReference = 1FAF9E0D2981B9E7000C7D33 /* PaperoadUITests.xctest */;
			productType = "com.apple.product-type.bundle.ui-testing";
		};
/* End PBXNativeTarget section */

/* Begin PBXProject section */
		1FAF9DEA2981B9E5000C7D33 /* Project object */ = {
			isa = PBXProject;
			attributes = {
				BuildIndependentTargetsInParallel = 1;
				LastSwiftUpdateCheck = 1400;
				LastUpgradeCheck = 1420;
				TargetAttributes = {
					1FAF9DF12981B9E5000C7D33 = {
						CreatedOnToolsVersion = 14.0.1;
					};
					1FAF9E022981B9E7000C7D33 = {
						CreatedOnToolsVersion = 14.0.1;
						TestTargetID = 1FAF9DF12981B9E5000C7D33;
					};
					1FAF9E0C2981B9E7000C7D33 = {
						CreatedOnToolsVersion = 14.0.1;
						TestTargetID = 1FAF9DF12981B9E5000C7D33;
					};
				};
			};
			buildConfigurationList = 1FAF9DED2981B9E5000C7D33 /* Build configuration list for PBXProject "Paperoad" */;
			compatibilityVersion = "Xcode 14.0";
			developmentRegion = en;
			hasScannedForEncodings = 0;
			knownRegions = (
				en,
				Base,
			);
			mainGroup = 1FAF9DE92981B9E5000C7D33;
			packageReferences = (
				1F0CA054298DCAC5005F6F10 /* XCRemoteSwiftPackageReference "LoremSwiftum" */,
				1F16586F29916A38008E26FF /* XCRemoteSwiftPackageReference "GRDB.swift" */,
				1F9862AB2991947800B17A48 /* XCRemoteSwiftPackageReference "GRDBQuery" */,
			);
			productRefGroup = 1FAF9DF32981B9E5000C7D33 /* Products */;
			projectDirPath = "";
			projectRoot = "";
			targets = (
				1FAF9DF12981B9E5000C7D33 /* Paperoad */,
				1FAF9E022981B9E7000C7D33 /* PaperoadTests */,
				1FAF9E0C2981B9E7000C7D33 /* PaperoadUITests */,
			);
		};
/* End PBXProject section */

/* Begin PBXResourcesBuildPhase section */
		1FAF9DF02981B9E5000C7D33 /* Resources */ = {
			isa = PBXResourcesBuildPhase;
			buildActionMask = 2147483647;
			files = (
				1FAF9DFD2981B9E7000C7D33 /* Preview Assets.xcassets in Resources */,
				1FAF9DFA2981B9E7000C7D33 /* Assets.xcassets in Resources */,
				1F28102B29832CD700A6D4CD /* Credits.html in Resources */,
			);
			runOnlyForDeploymentPostprocessing = 0;
		};
		1FAF9E012981B9E7000C7D33 /* Resources */ = {
			isa = PBXResourcesBuildPhase;
			buildActionMask = 2147483647;
			files = (
			);
			runOnlyForDeploymentPostprocessing = 0;
		};
		1FAF9E0B2981B9E7000C7D33 /* Resources */ = {
			isa = PBXResourcesBuildPhase;
			buildActionMask = 2147483647;
			files = (
			);
			runOnlyForDeploymentPostprocessing = 0;
		};
/* End PBXResourcesBuildPhase section */

/* Begin PBXSourcesBuildPhase section */
		1FAF9DEE2981B9E5000C7D33 /* Sources */ = {
			isa = PBXSourcesBuildPhase;
			buildActionMask = 2147483647;
			files = (
				1FF1D358298C3F05003B4F2B /* Date.swift in Sources */,
				1F85ECA7299D92A2006B4644 /* FileStorage.swift in Sources */,
				1F28102629832A6000A6D4CD /* SettingsView.swift in Sources */,
				1F28045F299EC9C3006E9AF2 /* AppStorage.swift in Sources */,
				1FD0693529944D6200F99706 /* PapersWrapperView.swift in Sources */,
				1FF1D348298ACAF9003B4F2B /* PaperAddView.swift in Sources */,
				1F2BC32929920E5200BE74BD /* Paper.swift in Sources */,
				1F2DA31C2988C4FC00837D0B /* Group.swift in Sources */,
				1F9862B12991ABF700B17A48 /* SidebarGroupEditView.swift in Sources */,
				1F2810302983361C00A6D4CD /* SidebarTagView.swift in Sources */,
				1F9862AF299194B900B17A48 /* GroupRequest.swift in Sources */,
				1F280458299C2D51006E9AF2 /* GroupCountAccess.swift in Sources */,
				1FB855542991542200DF278B /* GroupViewModel.swift in Sources */,
				1FB855572991566900DF278B /* GroupAccess.swift in Sources */,
				1FF1D34A298B0AD5003B4F2B /* PaperAddByIdView.swift in Sources */,
				1F28045A299C34C6006E9AF2 /* GroupCountRequest.swift in Sources */,
				1FD069312993FFBF00F99706 /* ToolbarMiddle.swift in Sources */,
				1FF1D353298C16E0003B4F2B /* Button.swift in Sources */,
				1FAF9E642984773B000C7D33 /* PapersView.swift in Sources */,
				1F4ED681299098D4005732DE /* AppDatabase.swift in Sources */,
				1FAF9DF82981B9E6000C7D33 /* ContentView.swift in Sources */,
				1FAF9DF62981B9E6000C7D33 /* PaperoadApp.swift in Sources */,
				1FF1D34E298B0C5F003B4F2B /* Data.swift in Sources */,
				1F2BC32B299214CA00BE74BD /* PaperRequest.swift in Sources */,
				1F28045C299C92DE006E9AF2 /* SidebarUploadView.swift in Sources */,
				1F28102229830C8500A6D4CD /* SidebarView.swift in Sources */,
				1F280456299C2CD1006E9AF2 /* GroupCount.swift in Sources */,
				1F2DA29A2988AE1E00837D0B /* TextField.swift in Sources */,
				1FF1D35B298C4454003B4F2B /* PaperListItem.swift in Sources */,
				1F2BC32F2992165B00BE74BD /* AppDatabase+Validation.swift in Sources */,
				1F66E2B829914189000135C8 /* Develop.swift in Sources */,
				1F28103429834FC500A6D4CD /* SidebarActionView.swift in Sources */,
				1F7C345A2997355D004A18A4 /* ContextMenuAddGroup.swift in Sources */,
				1F28102929832AEF00A6D4CD /* GeneralView.swift in Sources */,
				1F85ECA4299D7BF7006B4644 /* FileTypeIdentifiers.swift in Sources */,
				1F28102E2983361200A6D4CD /* SidebarGroupView.swift in Sources */,
				1F2BC32D2992154200BE74BD /* PaperAccess.swift in Sources */,
				1F28103E2985B8BB00A6D4CD /* SidebarGroupAddView.swift in Sources */,
				1F2DA3192988C46800837D0B /* AppDatabase+Persistence.swift in Sources */,
				1F0CA09729902204005F6F10 /* PaperUpdateView.swift in Sources */,
				1F0CA095298F6DAE005F6F10 /* StorageView.swift in Sources */,
				1FD328EB29A080C600EA6FFC /* Gesture.swift in Sources */,
				1F85ECA9299DB822006B4644 /* FileAccess.swift in Sources */,
			);
			runOnlyForDeploymentPostprocessing = 0;
		};
		1FAF9DFF2981B9E7000C7D33 /* Sources */ = {
			isa = PBXSourcesBuildPhase;
			buildActionMask = 2147483647;
			files = (
				1FAF9E082981B9E7000C7D33 /* PaperoadTests.swift in Sources */,
			);
			runOnlyForDeploymentPostprocessing = 0;
		};
		1FAF9E092981B9E7000C7D33 /* Sources */ = {
			isa = PBXSourcesBuildPhase;
			buildActionMask = 2147483647;
			files = (
				1FAF9E142981B9E7000C7D33 /* PaperoadUITestsLaunchTests.swift in Sources */,
				1FAF9E122981B9E7000C7D33 /* PaperoadUITests.swift in Sources */,
			);
			runOnlyForDeploymentPostprocessing = 0;
		};
/* End PBXSourcesBuildPhase section */

/* Begin PBXTargetDependency section */
		1FAF9E052981B9E7000C7D33 /* PBXTargetDependency */ = {
			isa = PBXTargetDependency;
			target = 1FAF9DF12981B9E5000C7D33 /* Paperoad */;
			targetProxy = 1FAF9E042981B9E7000C7D33 /* PBXContainerItemProxy */;
		};
		1FAF9E0F2981B9E7000C7D33 /* PBXTargetDependency */ = {
			isa = PBXTargetDependency;
			target = 1FAF9DF12981B9E5000C7D33 /* Paperoad */;
			targetProxy = 1FAF9E0E2981B9E7000C7D33 /* PBXContainerItemProxy */;
		};
/* End PBXTargetDependency section */

/* Begin XCBuildConfiguration section */
		1FAF9E152981B9E7000C7D33 /* Debug */ = {
			isa = XCBuildConfiguration;
			buildSettings = {
				ALWAYS_SEARCH_USER_PATHS = NO;
				CLANG_ANALYZER_NONNULL = YES;
				CLANG_ANALYZER_NUMBER_OBJECT_CONVERSION = YES_AGGRESSIVE;
				CLANG_CXX_LANGUAGE_STANDARD = "gnu++20";
				CLANG_ENABLE_MODULES = YES;
				CLANG_ENABLE_OBJC_ARC = YES;
				CLANG_ENABLE_OBJC_WEAK = YES;
				CLANG_WARN_BLOCK_CAPTURE_AUTORELEASING = YES;
				CLANG_WARN_BOOL_CONVERSION = YES;
				CLANG_WARN_COMMA = YES;
				CLANG_WARN_CONSTANT_CONVERSION = YES;
				CLANG_WARN_DEPRECATED_OBJC_IMPLEMENTATIONS = YES;
				CLANG_WARN_DIRECT_OBJC_ISA_USAGE = YES_ERROR;
				CLANG_WARN_DOCUMENTATION_COMMENTS = YES;
				CLANG_WARN_EMPTY_BODY = YES;
				CLANG_WARN_ENUM_CONVERSION = YES;
				CLANG_WARN_INFINITE_RECURSION = YES;
				CLANG_WARN_INT_CONVERSION = YES;
				CLANG_WARN_NON_LITERAL_NULL_CONVERSION = YES;
				CLANG_WARN_OBJC_IMPLICIT_RETAIN_SELF = YES;
				CLANG_WARN_OBJC_LITERAL_CONVERSION = YES;
				CLANG_WARN_OBJC_ROOT_CLASS = YES_ERROR;
				CLANG_WARN_QUOTED_INCLUDE_IN_FRAMEWORK_HEADER = YES;
				CLANG_WARN_RANGE_LOOP_ANALYSIS = YES;
				CLANG_WARN_STRICT_PROTOTYPES = YES;
				CLANG_WARN_SUSPICIOUS_MOVE = YES;
				CLANG_WARN_UNGUARDED_AVAILABILITY = YES_AGGRESSIVE;
				CLANG_WARN_UNREACHABLE_CODE = YES;
				CLANG_WARN__DUPLICATE_METHOD_MATCH = YES;
				COPY_PHASE_STRIP = NO;
				DEAD_CODE_STRIPPING = YES;
				DEBUG_INFORMATION_FORMAT = dwarf;
				ENABLE_STRICT_OBJC_MSGSEND = YES;
				ENABLE_TESTABILITY = YES;
				GCC_C_LANGUAGE_STANDARD = gnu11;
				GCC_DYNAMIC_NO_PIC = NO;
				GCC_NO_COMMON_BLOCKS = YES;
				GCC_OPTIMIZATION_LEVEL = 0;
				GCC_PREPROCESSOR_DEFINITIONS = (
					"DEBUG=1",
					"$(inherited)",
				);
				GCC_WARN_64_TO_32_BIT_CONVERSION = YES;
				GCC_WARN_ABOUT_RETURN_TYPE = YES_ERROR;
				GCC_WARN_UNDECLARED_SELECTOR = YES;
				GCC_WARN_UNINITIALIZED_AUTOS = YES_AGGRESSIVE;
				GCC_WARN_UNUSED_FUNCTION = YES;
				GCC_WARN_UNUSED_VARIABLE = YES;
				MACOSX_DEPLOYMENT_TARGET = 13.0;
				MTL_ENABLE_DEBUG_INFO = INCLUDE_SOURCE;
				MTL_FAST_MATH = YES;
				ONLY_ACTIVE_ARCH = YES;
				SDKROOT = macosx;
				SWIFT_ACTIVE_COMPILATION_CONDITIONS = DEBUG;
				SWIFT_OPTIMIZATION_LEVEL = "-Onone";
			};
			name = Debug;
		};
		1FAF9E162981B9E7000C7D33 /* Release */ = {
			isa = XCBuildConfiguration;
			buildSettings = {
				ALWAYS_SEARCH_USER_PATHS = NO;
				CLANG_ANALYZER_NONNULL = YES;
				CLANG_ANALYZER_NUMBER_OBJECT_CONVERSION = YES_AGGRESSIVE;
				CLANG_CXX_LANGUAGE_STANDARD = "gnu++20";
				CLANG_ENABLE_MODULES = YES;
				CLANG_ENABLE_OBJC_ARC = YES;
				CLANG_ENABLE_OBJC_WEAK = YES;
				CLANG_WARN_BLOCK_CAPTURE_AUTORELEASING = YES;
				CLANG_WARN_BOOL_CONVERSION = YES;
				CLANG_WARN_COMMA = YES;
				CLANG_WARN_CONSTANT_CONVERSION = YES;
				CLANG_WARN_DEPRECATED_OBJC_IMPLEMENTATIONS = YES;
				CLANG_WARN_DIRECT_OBJC_ISA_USAGE = YES_ERROR;
				CLANG_WARN_DOCUMENTATION_COMMENTS = YES;
				CLANG_WARN_EMPTY_BODY = YES;
				CLANG_WARN_ENUM_CONVERSION = YES;
				CLANG_WARN_INFINITE_RECURSION = YES;
				CLANG_WARN_INT_CONVERSION = YES;
				CLANG_WARN_NON_LITERAL_NULL_CONVERSION = YES;
				CLANG_WARN_OBJC_IMPLICIT_RETAIN_SELF = YES;
				CLANG_WARN_OBJC_LITERAL_CONVERSION = YES;
				CLANG_WARN_OBJC_ROOT_CLASS = YES_ERROR;
				CLANG_WARN_QUOTED_INCLUDE_IN_FRAMEWORK_HEADER = YES;
				CLANG_WARN_RANGE_LOOP_ANALYSIS = YES;
				CLANG_WARN_STRICT_PROTOTYPES = YES;
				CLANG_WARN_SUSPICIOUS_MOVE = YES;
				CLANG_WARN_UNGUARDED_AVAILABILITY = YES_AGGRESSIVE;
				CLANG_WARN_UNREACHABLE_CODE = YES;
				CLANG_WARN__DUPLICATE_METHOD_MATCH = YES;
				COPY_PHASE_STRIP = NO;
				DEAD_CODE_STRIPPING = YES;
				DEBUG_INFORMATION_FORMAT = "dwarf-with-dsym";
				ENABLE_NS_ASSERTIONS = NO;
				ENABLE_STRICT_OBJC_MSGSEND = YES;
				GCC_C_LANGUAGE_STANDARD = gnu11;
				GCC_NO_COMMON_BLOCKS = YES;
				GCC_WARN_64_TO_32_BIT_CONVERSION = YES;
				GCC_WARN_ABOUT_RETURN_TYPE = YES_ERROR;
				GCC_WARN_UNDECLARED_SELECTOR = YES;
				GCC_WARN_UNINITIALIZED_AUTOS = YES_AGGRESSIVE;
				GCC_WARN_UNUSED_FUNCTION = YES;
				GCC_WARN_UNUSED_VARIABLE = YES;
				MACOSX_DEPLOYMENT_TARGET = 13.0;
				MTL_ENABLE_DEBUG_INFO = NO;
				MTL_FAST_MATH = YES;
				SDKROOT = macosx;
				SWIFT_COMPILATION_MODE = wholemodule;
				SWIFT_OPTIMIZATION_LEVEL = "-O";
			};
			name = Release;
		};
		1FAF9E182981B9E7000C7D33 /* Debug */ = {
			isa = XCBuildConfiguration;
			buildSettings = {
				ASSETCATALOG_COMPILER_APPICON_NAME = AppIcon;
				ASSETCATALOG_COMPILER_GLOBAL_ACCENT_COLOR_NAME = AccentColor;
				ASSETCATALOG_COMPILER_INCLUDE_ALL_APPICON_ASSETS = NO;
				CODE_SIGN_ENTITLEMENTS = Paperoad/Paperoad.entitlements;
				CODE_SIGN_IDENTITY = "-";
				"CODE_SIGN_IDENTITY[sdk=macosx*]" = "Apple Development";
				CODE_SIGN_STYLE = Automatic;
				COMBINE_HIDPI_IMAGES = YES;
				CURRENT_PROJECT_VERSION = 1;
				DEAD_CODE_STRIPPING = YES;
				DEVELOPMENT_ASSET_PATHS = "\"Paperoad/Preview Content\"";
				DEVELOPMENT_TEAM = 8B4VH988UL;
				ENABLE_HARDENED_RUNTIME = YES;
				ENABLE_PREVIEWS = YES;
				GENERATE_INFOPLIST_FILE = YES;
				INFOPLIST_KEY_LSApplicationCategoryType = "public.app-category.education";
				INFOPLIST_KEY_NSHumanReadableCopyright = "";
				LD_RUNPATH_SEARCH_PATHS = (
					"$(inherited)",
					"@executable_path/../Frameworks",
				);
				MACOSX_DEPLOYMENT_TARGET = 13.0;
				MARKETING_VERSION = 0.1;
				PRODUCT_BUNDLE_IDENTIFIER = app.dbms.tgeng.Paperoad;
				PRODUCT_NAME = "$(TARGET_NAME)";
				SWIFT_EMIT_LOC_STRINGS = YES;
				SWIFT_VERSION = 5.0;
			};
			name = Debug;
		};
		1FAF9E192981B9E7000C7D33 /* Release */ = {
			isa = XCBuildConfiguration;
			buildSettings = {
				ASSETCATALOG_COMPILER_APPICON_NAME = AppIcon;
				ASSETCATALOG_COMPILER_GLOBAL_ACCENT_COLOR_NAME = AccentColor;
				ASSETCATALOG_COMPILER_INCLUDE_ALL_APPICON_ASSETS = NO;
				CODE_SIGN_ENTITLEMENTS = Paperoad/Paperoad.entitlements;
				CODE_SIGN_IDENTITY = "-";
				"CODE_SIGN_IDENTITY[sdk=macosx*]" = "Apple Development";
				CODE_SIGN_STYLE = Automatic;
				COMBINE_HIDPI_IMAGES = YES;
				CURRENT_PROJECT_VERSION = 1;
				DEAD_CODE_STRIPPING = YES;
				DEVELOPMENT_ASSET_PATHS = "\"Paperoad/Preview Content\"";
				DEVELOPMENT_TEAM = 8B4VH988UL;
				ENABLE_HARDENED_RUNTIME = YES;
				ENABLE_PREVIEWS = YES;
				GENERATE_INFOPLIST_FILE = YES;
				INFOPLIST_KEY_LSApplicationCategoryType = "public.app-category.education";
				INFOPLIST_KEY_NSHumanReadableCopyright = "";
				LD_RUNPATH_SEARCH_PATHS = (
					"$(inherited)",
					"@executable_path/../Frameworks",
				);
				MACOSX_DEPLOYMENT_TARGET = 13.0;
				MARKETING_VERSION = 0.1;
				PRODUCT_BUNDLE_IDENTIFIER = app.dbms.tgeng.Paperoad;
				PRODUCT_NAME = "$(TARGET_NAME)";
				SWIFT_EMIT_LOC_STRINGS = YES;
				SWIFT_VERSION = 5.0;
			};
			name = Release;
		};
		1FAF9E1B2981B9E7000C7D33 /* Debug */ = {
			isa = XCBuildConfiguration;
			buildSettings = {
				ALWAYS_EMBED_SWIFT_STANDARD_LIBRARIES = YES;
				BUNDLE_LOADER = "$(TEST_HOST)";
				CODE_SIGN_STYLE = Automatic;
				CURRENT_PROJECT_VERSION = 1;
				DEAD_CODE_STRIPPING = YES;
				DEVELOPMENT_TEAM = 8B4VH988UL;
				GENERATE_INFOPLIST_FILE = YES;
				MACOSX_DEPLOYMENT_TARGET = 13.0;
				MARKETING_VERSION = 1.0;
				PRODUCT_BUNDLE_IDENTIFIER = app.dbms.tgeng.PaperoadTests;
				PRODUCT_NAME = "$(TARGET_NAME)";
				SWIFT_EMIT_LOC_STRINGS = NO;
				SWIFT_VERSION = 5.0;
				TEST_HOST = "$(BUILT_PRODUCTS_DIR)/Paperoad.app/$(BUNDLE_EXECUTABLE_FOLDER_PATH)/Paperoad";
			};
			name = Debug;
		};
		1FAF9E1C2981B9E7000C7D33 /* Release */ = {
			isa = XCBuildConfiguration;
			buildSettings = {
				ALWAYS_EMBED_SWIFT_STANDARD_LIBRARIES = YES;
				BUNDLE_LOADER = "$(TEST_HOST)";
				CODE_SIGN_STYLE = Automatic;
				CURRENT_PROJECT_VERSION = 1;
				DEAD_CODE_STRIPPING = YES;
				DEVELOPMENT_TEAM = 8B4VH988UL;
				GENERATE_INFOPLIST_FILE = YES;
				MACOSX_DEPLOYMENT_TARGET = 13.0;
				MARKETING_VERSION = 1.0;
				PRODUCT_BUNDLE_IDENTIFIER = app.dbms.tgeng.PaperoadTests;
				PRODUCT_NAME = "$(TARGET_NAME)";
				SWIFT_EMIT_LOC_STRINGS = NO;
				SWIFT_VERSION = 5.0;
				TEST_HOST = "$(BUILT_PRODUCTS_DIR)/Paperoad.app/$(BUNDLE_EXECUTABLE_FOLDER_PATH)/Paperoad";
			};
			name = Release;
		};
		1FAF9E1E2981B9E7000C7D33 /* Debug */ = {
			isa = XCBuildConfiguration;
			buildSettings = {
				ALWAYS_EMBED_SWIFT_STANDARD_LIBRARIES = YES;
				CODE_SIGN_STYLE = Automatic;
				CURRENT_PROJECT_VERSION = 1;
				DEAD_CODE_STRIPPING = YES;
				DEVELOPMENT_TEAM = 8B4VH988UL;
				GENERATE_INFOPLIST_FILE = YES;
				MARKETING_VERSION = 1.0;
				PRODUCT_BUNDLE_IDENTIFIER = app.dbms.tgeng.PaperoadUITests;
				PRODUCT_NAME = "$(TARGET_NAME)";
				SWIFT_EMIT_LOC_STRINGS = NO;
				SWIFT_VERSION = 5.0;
				TEST_TARGET_NAME = Paperoad;
			};
			name = Debug;
		};
		1FAF9E1F2981B9E7000C7D33 /* Release */ = {
			isa = XCBuildConfiguration;
			buildSettings = {
				ALWAYS_EMBED_SWIFT_STANDARD_LIBRARIES = YES;
				CODE_SIGN_STYLE = Automatic;
				CURRENT_PROJECT_VERSION = 1;
				DEAD_CODE_STRIPPING = YES;
				DEVELOPMENT_TEAM = 8B4VH988UL;
				GENERATE_INFOPLIST_FILE = YES;
				MARKETING_VERSION = 1.0;
				PRODUCT_BUNDLE_IDENTIFIER = app.dbms.tgeng.PaperoadUITests;
				PRODUCT_NAME = "$(TARGET_NAME)";
				SWIFT_EMIT_LOC_STRINGS = NO;
				SWIFT_VERSION = 5.0;
				TEST_TARGET_NAME = Paperoad;
			};
			name = Release;
		};
/* End XCBuildConfiguration section */

/* Begin XCConfigurationList section */
		1FAF9DED2981B9E5000C7D33 /* Build configuration list for PBXProject "Paperoad" */ = {
			isa = XCConfigurationList;
			buildConfigurations = (
				1FAF9E152981B9E7000C7D33 /* Debug */,
				1FAF9E162981B9E7000C7D33 /* Release */,
			);
			defaultConfigurationIsVisible = 0;
			defaultConfigurationName = Release;
		};
		1FAF9E172981B9E7000C7D33 /* Build configuration list for PBXNativeTarget "Paperoad" */ = {
			isa = XCConfigurationList;
			buildConfigurations = (
				1FAF9E182981B9E7000C7D33 /* Debug */,
				1FAF9E192981B9E7000C7D33 /* Release */,
			);
			defaultConfigurationIsVisible = 0;
			defaultConfigurationName = Release;
		};
		1FAF9E1A2981B9E7000C7D33 /* Build configuration list for PBXNativeTarget "PaperoadTests" */ = {
			isa = XCConfigurationList;
			buildConfigurations = (
				1FAF9E1B2981B9E7000C7D33 /* Debug */,
				1FAF9E1C2981B9E7000C7D33 /* Release */,
			);
			defaultConfigurationIsVisible = 0;
			defaultConfigurationName = Release;
		};
		1FAF9E1D2981B9E7000C7D33 /* Build configuration list for PBXNativeTarget "PaperoadUITests" */ = {
			isa = XCConfigurationList;
			buildConfigurations = (
				1FAF9E1E2981B9E7000C7D33 /* Debug */,
				1FAF9E1F2981B9E7000C7D33 /* Release */,
			);
			defaultConfigurationIsVisible = 0;
			defaultConfigurationName = Release;
		};
/* End XCConfigurationList section */

/* Begin XCRemoteSwiftPackageReference section */
		1F0CA054298DCAC5005F6F10 /* XCRemoteSwiftPackageReference "LoremSwiftum" */ = {
			isa = XCRemoteSwiftPackageReference;
			repositoryURL = "https://github.com/lukaskubanek/LoremSwiftum.git";
			requirement = {
				branch = master;
				kind = branch;
			};
		};
		1F16586F29916A38008E26FF /* XCRemoteSwiftPackageReference "GRDB.swift" */ = {
			isa = XCRemoteSwiftPackageReference;
			repositoryURL = "https://github.com/groue/GRDB.swift.git";
			requirement = {
				branch = master;
				kind = branch;
			};
		};
		1F9862AB2991947800B17A48 /* XCRemoteSwiftPackageReference "GRDBQuery" */ = {
			isa = XCRemoteSwiftPackageReference;
			repositoryURL = "https://github.com/groue/GRDBQuery";
			requirement = {
				branch = main;
				kind = branch;
			};
		};
/* End XCRemoteSwiftPackageReference section */

/* Begin XCSwiftPackageProductDependency section */
		1F0CA055298DCAC5005F6F10 /* LoremSwiftum */ = {
			isa = XCSwiftPackageProductDependency;
			package = 1F0CA054298DCAC5005F6F10 /* XCRemoteSwiftPackageReference "LoremSwiftum" */;
			productName = LoremSwiftum;
		};
		1F16587029916A38008E26FF /* GRDB */ = {
			isa = XCSwiftPackageProductDependency;
			package = 1F16586F29916A38008E26FF /* XCRemoteSwiftPackageReference "GRDB.swift" */;
			productName = GRDB;
		};
		1F9862AC2991947800B17A48 /* GRDBQuery */ = {
			isa = XCSwiftPackageProductDependency;
			package = 1F9862AB2991947800B17A48 /* XCRemoteSwiftPackageReference "GRDBQuery" */;
			productName = GRDBQuery;
		};
/* End XCSwiftPackageProductDependency section */
	};
	rootObject = 1FAF9DEA2981B9E5000C7D33 /* Project object */;
}
