// !$*UTF8*$!
{
	archiveVersion = 1;
	classes = {
	};
	objectVersion = 56;
	objects = {

/* Begin PBXBuildFile section */
		1F0CA056298DCAC5005F6F10 /* LoremSwiftum in Frameworks */ = {isa = PBXBuildFile; productRef = 1F0CA055298DCAC5005F6F10 /* LoremSwiftum */; };
		1F0CA095298F6DAE005F6F10 /* StorageView.swift in Sources */ = {isa = PBXBuildFile; fileRef = 1F0CA094298F6DAE005F6F10 /* StorageView.swift */; };
		1F28102229830C8500A6D4CD /* SidebarView.swift in Sources */ = {isa = PBXBuildFile; fileRef = 1F28102129830C8500A6D4CD /* SidebarView.swift */; };
		1F28102629832A6000A6D4CD /* SettingsView.swift in Sources */ = {isa = PBXBuildFile; fileRef = 1F28102529832A6000A6D4CD /* SettingsView.swift */; };
		1F28102929832AEF00A6D4CD /* GeneralView.swift in Sources */ = {isa = PBXBuildFile; fileRef = 1F28102829832AEF00A6D4CD /* GeneralView.swift */; };
		1F28102B29832CD700A6D4CD /* Credits.html in Resources */ = {isa = PBXBuildFile; fileRef = 1F28102A29832CD700A6D4CD /* Credits.html */; };
		1F28102E2983361200A6D4CD /* SidebarGroupView.swift in Sources */ = {isa = PBXBuildFile; fileRef = 1F28102D2983361200A6D4CD /* SidebarGroupView.swift */; };
		1F2810302983361C00A6D4CD /* SidebarTagView.swift in Sources */ = {isa = PBXBuildFile; fileRef = 1F28102F2983361C00A6D4CD /* SidebarTagView.swift */; };
		1F28103429834FC500A6D4CD /* SidebarActionView.swift in Sources */ = {isa = PBXBuildFile; fileRef = 1F28103329834FC500A6D4CD /* SidebarActionView.swift */; };
		1F28103E2985B8BB00A6D4CD /* SidebarGroupAddView.swift in Sources */ = {isa = PBXBuildFile; fileRef = 1F28103D2985B8BB00A6D4CD /* SidebarGroupAddView.swift */; };
		1F2DA29A2988AE1E00837D0B /* TextField.swift in Sources */ = {isa = PBXBuildFile; fileRef = 1F2DA2992988AE1E00837D0B /* TextField.swift */; };
		1F2DA2D92988BC2F00837D0B /* Paperoad.xcdatamodeld in Sources */ = {isa = PBXBuildFile; fileRef = 1F2DA2D72988BC2F00837D0B /* Paperoad.xcdatamodeld */; };
		1F2DA3192988C46800837D0B /* PersistentController.swift in Sources */ = {isa = PBXBuildFile; fileRef = 1F2DA3182988C46800837D0B /* PersistentController.swift */; };
		1F2DA31C2988C4FC00837D0B /* Group.swift in Sources */ = {isa = PBXBuildFile; fileRef = 1F2DA31B2988C4FC00837D0B /* Group.swift */; };
		1F2DA31E2988C92200837D0B /* SidebarGroupAddViewModel.swift in Sources */ = {isa = PBXBuildFile; fileRef = 1F2DA31D2988C92200837D0B /* SidebarGroupAddViewModel.swift */; };
		1F2DA3202988C9A000837D0B /* SidebarGroupViewModel.swift in Sources */ = {isa = PBXBuildFile; fileRef = 1F2DA31F2988C9A000837D0B /* SidebarGroupViewModel.swift */; };
		1F4ED67D298DA7FB005732DE /* PapersViewModel.swift in Sources */ = {isa = PBXBuildFile; fileRef = 1F4ED67C298DA7FB005732DE /* PapersViewModel.swift */; };
		1FAF9DF62981B9E6000C7D33 /* PaperoadApp.swift in Sources */ = {isa = PBXBuildFile; fileRef = 1FAF9DF52981B9E6000C7D33 /* PaperoadApp.swift */; };
		1FAF9DF82981B9E6000C7D33 /* ContentView.swift in Sources */ = {isa = PBXBuildFile; fileRef = 1FAF9DF72981B9E6000C7D33 /* ContentView.swift */; };
		1FAF9DFA2981B9E7000C7D33 /* Assets.xcassets in Resources */ = {isa = PBXBuildFile; fileRef = 1FAF9DF92981B9E7000C7D33 /* Assets.xcassets */; };
		1FAF9DFD2981B9E7000C7D33 /* Preview Assets.xcassets in Resources */ = {isa = PBXBuildFile; fileRef = 1FAF9DFC2981B9E7000C7D33 /* Preview Assets.xcassets */; };
		1FAF9E082981B9E7000C7D33 /* PaperoadTests.swift in Sources */ = {isa = PBXBuildFile; fileRef = 1FAF9E072981B9E7000C7D33 /* PaperoadTests.swift */; };
		1FAF9E122981B9E7000C7D33 /* PaperoadUITests.swift in Sources */ = {isa = PBXBuildFile; fileRef = 1FAF9E112981B9E7000C7D33 /* PaperoadUITests.swift */; };
		1FAF9E142981B9E7000C7D33 /* PaperoadUITestsLaunchTests.swift in Sources */ = {isa = PBXBuildFile; fileRef = 1FAF9E132981B9E7000C7D33 /* PaperoadUITestsLaunchTests.swift */; };
		1FAF9E392981CBCB000C7D33 /* .swiftlint.yml in Resources */ = {isa = PBXBuildFile; fileRef = 1FAF9E382981CBCB000C7D33 /* .swiftlint.yml */; };
		1FAF9E6129846A6B000C7D33 /* MainView.swift in Sources */ = {isa = PBXBuildFile; fileRef = 1FAF9E6029846A6B000C7D33 /* MainView.swift */; };
		1FAF9E642984773B000C7D33 /* PapersView.swift in Sources */ = {isa = PBXBuildFile; fileRef = 1FAF9E632984773B000C7D33 /* PapersView.swift */; };
		1FF1D348298ACAF9003B4F2B /* PaperAddView.swift in Sources */ = {isa = PBXBuildFile; fileRef = 1FF1D347298ACAF9003B4F2B /* PaperAddView.swift */; };
		1FF1D34A298B0AD5003B4F2B /* PaperAddByIdView.swift in Sources */ = {isa = PBXBuildFile; fileRef = 1FF1D349298B0AD5003B4F2B /* PaperAddByIdView.swift */; };
		1FF1D34E298B0C5F003B4F2B /* Data.swift in Sources */ = {isa = PBXBuildFile; fileRef = 1FF1D34D298B0C5F003B4F2B /* Data.swift */; };
		1FF1D353298C16E0003B4F2B /* Button.swift in Sources */ = {isa = PBXBuildFile; fileRef = 1FF1D352298C16E0003B4F2B /* Button.swift */; };
		1FF1D355298C201D003B4F2B /* PaperAddViewModel.swift in Sources */ = {isa = PBXBuildFile; fileRef = 1FF1D354298C201D003B4F2B /* PaperAddViewModel.swift */; };
		1FF1D358298C3F05003B4F2B /* Date.swift in Sources */ = {isa = PBXBuildFile; fileRef = 1FF1D357298C3F05003B4F2B /* Date.swift */; };
		1FF1D35B298C4454003B4F2B /* PaperListItem.swift in Sources */ = {isa = PBXBuildFile; fileRef = 1FF1D35A298C4454003B4F2B /* PaperListItem.swift */; };
/* End PBXBuildFile section */

/* Begin PBXContainerItemProxy section */
		1FAF9E042981B9E7000C7D33 /* PBXContainerItemProxy */ = {
			isa = PBXContainerItemProxy;
			containerPortal = 1FAF9DEA2981B9E5000C7D33 /* Project object */;
			proxyType = 1;
			remoteGlobalIDString = 1FAF9DF12981B9E5000C7D33;
			remoteInfo = Paperoad;
		};
		1FAF9E0E2981B9E7000C7D33 /* PBXContainerItemProxy */ = {
			isa = PBXContainerItemProxy;
			containerPortal = 1FAF9DEA2981B9E5000C7D33 /* Project object */;
			proxyType = 1;
			remoteGlobalIDString = 1FAF9DF12981B9E5000C7D33;
			remoteInfo = Paperoad;
		};
/* End PBXContainerItemProxy section */

/* Begin PBXCopyFilesBuildPhase section */
		1F26B9542987443000709752 /* Embed Frameworks */ = {
			isa = PBXCopyFilesBuildPhase;
			buildActionMask = 2147483647;
			dstPath = "";
			dstSubfolderSpec = 10;
			files = (
			);
			name = "Embed Frameworks";
			runOnlyForDeploymentPostprocessing = 0;
		};
/* End PBXCopyFilesBuildPhase section */

/* Begin PBXFileReference section */
		1F0CA094298F6DAE005F6F10 /* StorageView.swift */ = {isa = PBXFileReference; lastKnownFileType = sourcecode.swift; path = StorageView.swift; sourceTree = "<group>"; };
		1F28102129830C8500A6D4CD /* SidebarView.swift */ = {isa = PBXFileReference; lastKnownFileType = sourcecode.swift; path = SidebarView.swift; sourceTree = "<group>"; };
		1F28102529832A6000A6D4CD /* SettingsView.swift */ = {isa = PBXFileReference; lastKnownFileType = sourcecode.swift; path = SettingsView.swift; sourceTree = "<group>"; };
		1F28102829832AEF00A6D4CD /* GeneralView.swift */ = {isa = PBXFileReference; lastKnownFileType = sourcecode.swift; path = GeneralView.swift; sourceTree = "<group>"; };
		1F28102A29832CD700A6D4CD /* Credits.html */ = {isa = PBXFileReference; lastKnownFileType = text.html; path = Credits.html; sourceTree = "<group>"; };
		1F28102D2983361200A6D4CD /* SidebarGroupView.swift */ = {isa = PBXFileReference; lastKnownFileType = sourcecode.swift; path = SidebarGroupView.swift; sourceTree = "<group>"; };
		1F28102F2983361C00A6D4CD /* SidebarTagView.swift */ = {isa = PBXFileReference; lastKnownFileType = sourcecode.swift; path = SidebarTagView.swift; sourceTree = "<group>"; };
		1F28103329834FC500A6D4CD /* SidebarActionView.swift */ = {isa = PBXFileReference; lastKnownFileType = sourcecode.swift; path = SidebarActionView.swift; sourceTree = "<group>"; };
		1F28103D2985B8BB00A6D4CD /* SidebarGroupAddView.swift */ = {isa = PBXFileReference; lastKnownFileType = sourcecode.swift; path = SidebarGroupAddView.swift; sourceTree = "<group>"; };
		1F2DA2992988AE1E00837D0B /* TextField.swift */ = {isa = PBXFileReference; lastKnownFileType = sourcecode.swift; path = TextField.swift; sourceTree = "<group>"; };
		1F2DA2D82988BC2F00837D0B /* Paperoad.xcdatamodel */ = {isa = PBXFileReference; lastKnownFileType = wrapper.xcdatamodel; path = Paperoad.xcdatamodel; sourceTree = "<group>"; };
		1F2DA3182988C46800837D0B /* PersistentController.swift */ = {isa = PBXFileReference; lastKnownFileType = sourcecode.swift; path = PersistentController.swift; sourceTree = "<group>"; };
		1F2DA31B2988C4FC00837D0B /* Group.swift */ = {isa = PBXFileReference; lastKnownFileType = sourcecode.swift; path = Group.swift; sourceTree = "<group>"; };
		1F2DA31D2988C92200837D0B /* SidebarGroupAddViewModel.swift */ = {isa = PBXFileReference; lastKnownFileType = sourcecode.swift; path = SidebarGroupAddViewModel.swift; sourceTree = "<group>"; };
		1F2DA31F2988C9A000837D0B /* SidebarGroupViewModel.swift */ = {isa = PBXFileReference; lastKnownFileType = sourcecode.swift; path = SidebarGroupViewModel.swift; sourceTree = "<group>"; };
		1F4ED67C298DA7FB005732DE /* PapersViewModel.swift */ = {isa = PBXFileReference; lastKnownFileType = sourcecode.swift; path = PapersViewModel.swift; sourceTree = "<group>"; };
		1FAF9DF22981B9E5000C7D33 /* Paperoad.app */ = {isa = PBXFileReference; explicitFileType = wrapper.application; includeInIndex = 0; path = Paperoad.app; sourceTree = BUILT_PRODUCTS_DIR; };
		1FAF9DF52981B9E6000C7D33 /* PaperoadApp.swift */ = {isa = PBXFileReference; lastKnownFileType = sourcecode.swift; path = PaperoadApp.swift; sourceTree = "<group>"; };
		1FAF9DF72981B9E6000C7D33 /* ContentView.swift */ = {isa = PBXFileReference; lastKnownFileType = sourcecode.swift; path = ContentView.swift; sourceTree = "<group>"; };
		1FAF9DF92981B9E7000C7D33 /* Assets.xcassets */ = {isa = PBXFileReference; lastKnownFileType = folder.assetcatalog; path = Assets.xcassets; sourceTree = "<group>"; };
		1FAF9DFC2981B9E7000C7D33 /* Preview Assets.xcassets */ = {isa = PBXFileReference; lastKnownFileType = folder.assetcatalog; path = "Preview Assets.xcassets"; sourceTree = "<group>"; };
		1FAF9DFE2981B9E7000C7D33 /* Paperoad.entitlements */ = {isa = PBXFileReference; lastKnownFileType = text.plist.entitlements; path = Paperoad.entitlements; sourceTree = "<group>"; };
		1FAF9E032981B9E7000C7D33 /* PaperoadTests.xctest */ = {isa = PBXFileReference; explicitFileType = wrapper.cfbundle; includeInIndex = 0; path = PaperoadTests.xctest; sourceTree = BUILT_PRODUCTS_DIR; };
		1FAF9E072981B9E7000C7D33 /* PaperoadTests.swift */ = {isa = PBXFileReference; lastKnownFileType = sourcecode.swift; path = PaperoadTests.swift; sourceTree = "<group>"; };
		1FAF9E0D2981B9E7000C7D33 /* PaperoadUITests.xctest */ = {isa = PBXFileReference; explicitFileType = wrapper.cfbundle; includeInIndex = 0; path = PaperoadUITests.xctest; sourceTree = BUILT_PRODUCTS_DIR; };
		1FAF9E112981B9E7000C7D33 /* PaperoadUITests.swift */ = {isa = PBXFileReference; lastKnownFileType = sourcecode.swift; path = PaperoadUITests.swift; sourceTree = "<group>"; };
		1FAF9E132981B9E7000C7D33 /* PaperoadUITestsLaunchTests.swift */ = {isa = PBXFileReference; lastKnownFileType = sourcecode.swift; path = PaperoadUITestsLaunchTests.swift; sourceTree = "<group>"; };
		1FAF9E372981CA53000C7D33 /* README.md */ = {isa = PBXFileReference; lastKnownFileType = net.daringfireball.markdown; path = README.md; sourceTree = "<group>"; };
		1FAF9E382981CBCB000C7D33 /* .swiftlint.yml */ = {isa = PBXFileReference; lastKnownFileType = text.yaml; path = .swiftlint.yml; sourceTree = "<group>"; };
		1FAF9E6029846A6B000C7D33 /* MainView.swift */ = {isa = PBXFileReference; lastKnownFileType = sourcecode.swift; path = MainView.swift; sourceTree = "<group>"; };
		1FAF9E632984773B000C7D33 /* PapersView.swift */ = {isa = PBXFileReference; lastKnownFileType = sourcecode.swift; path = PapersView.swift; sourceTree = "<group>"; };
		1FF1D347298ACAF9003B4F2B /* PaperAddView.swift */ = {isa = PBXFileReference; lastKnownFileType = sourcecode.swift; path = PaperAddView.swift; sourceTree = "<group>"; };
		1FF1D349298B0AD5003B4F2B /* PaperAddByIdView.swift */ = {isa = PBXFileReference; lastKnownFileType = sourcecode.swift; path = PaperAddByIdView.swift; sourceTree = "<group>"; };
		1FF1D34D298B0C5F003B4F2B /* Data.swift */ = {isa = PBXFileReference; lastKnownFileType = sourcecode.swift; path = Data.swift; sourceTree = "<group>"; };
		1FF1D352298C16E0003B4F2B /* Button.swift */ = {isa = PBXFileReference; lastKnownFileType = sourcecode.swift; path = Button.swift; sourceTree = "<group>"; };
		1FF1D354298C201D003B4F2B /* PaperAddViewModel.swift */ = {isa = PBXFileReference; lastKnownFileType = sourcecode.swift; path = PaperAddViewModel.swift; sourceTree = "<group>"; };
		1FF1D357298C3F05003B4F2B /* Date.swift */ = {isa = PBXFileReference; lastKnownFileType = sourcecode.swift; path = Date.swift; sourceTree = "<group>"; };
		1FF1D35A298C4454003B4F2B /* PaperListItem.swift */ = {isa = PBXFileReference; lastKnownFileType = sourcecode.swift; path = PaperListItem.swift; sourceTree = "<group>"; };
/* End PBXFileReference section */

/* Begin PBXFrameworksBuildPhase section */
		1FAF9DEF2981B9E5000C7D33 /* Frameworks */ = {
			isa = PBXFrameworksBuildPhase;
			buildActionMask = 2147483647;
			files = (
				1F0CA056298DCAC5005F6F10 /* LoremSwiftum in Frameworks */,
			);
			runOnlyForDeploymentPostprocessing = 0;
		};
		1FAF9E002981B9E7000C7D33 /* Frameworks */ = {
			isa = PBXFrameworksBuildPhase;
			buildActionMask = 2147483647;
			files = (
			);
			runOnlyForDeploymentPostprocessing = 0;
		};
		1FAF9E0A2981B9E7000C7D33 /* Frameworks */ = {
			isa = PBXFrameworksBuildPhase;
			buildActionMask = 2147483647;
			files = (
			);
			runOnlyForDeploymentPostprocessing = 0;
		};
/* End PBXFrameworksBuildPhase section */

/* Begin PBXGroup section */
		1F26B9392985DAAE00709752 /* Sheets */ = {
			isa = PBXGroup;
			children = (
				1F28103D2985B8BB00A6D4CD /* SidebarGroupAddView.swift */,
				1FF1D347298ACAF9003B4F2B /* PaperAddView.swift */,
				1FF1D349298B0AD5003B4F2B /* PaperAddByIdView.swift */,
			);
			path = Sheets;
			sourceTree = "<group>";
		};
		1F26B9452985F41300709752 /* Data */ = {
			isa = PBXGroup;
			children = (
				1F2DA31A2988C4F300837D0B /* Relations */,
				1F2DA3182988C46800837D0B /* PersistentController.swift */,
			);
			path = Data;
			sourceTree = "<group>";
		};
		1F26B9482987443000709752 /* Frameworks */ = {
			isa = PBXGroup;
			children = (
			);
			name = Frameworks;
			sourceTree = "<group>";
		};
		1F2810232983184100A6D4CD /* Sidebar */ = {
			isa = PBXGroup;
			children = (
				1F28102C298335FC00A6D4CD /* Components */,
				1F28102129830C8500A6D4CD /* SidebarView.swift */,
			);
			path = Sidebar;
			sourceTree = "<group>";
		};
		1F28102429832A2B00A6D4CD /* Settings */ = {
			isa = PBXGroup;
			children = (
				1F28102729832AE100A6D4CD /* Components */,
				1F28102529832A6000A6D4CD /* SettingsView.swift */,
			);
			path = Settings;
			sourceTree = "<group>";
		};
		1F28102729832AE100A6D4CD /* Components */ = {
			isa = PBXGroup;
			children = (
				1F28102829832AEF00A6D4CD /* GeneralView.swift */,
				1F0CA094298F6DAE005F6F10 /* StorageView.swift */,
			);
			path = Components;
			sourceTree = "<group>";
		};
		1F28102C298335FC00A6D4CD /* Components */ = {
			isa = PBXGroup;
			children = (
				1F28102D2983361200A6D4CD /* SidebarGroupView.swift */,
				1F28102F2983361C00A6D4CD /* SidebarTagView.swift */,
				1F28103329834FC500A6D4CD /* SidebarActionView.swift */,
			);
			path = Components;
			sourceTree = "<group>";
		};
		1F2DA2982988AE1000837D0B /* Tweak */ = {
			isa = PBXGroup;
			children = (
				1F2DA2992988AE1E00837D0B /* TextField.swift */,
				1FF1D352298C16E0003B4F2B /* Button.swift */,
			);
			path = Tweak;
			sourceTree = "<group>";
		};
		1F2DA31A2988C4F300837D0B /* Relations */ = {
			isa = PBXGroup;
			children = (
				1F2DA31B2988C4FC00837D0B /* Group.swift */,
			);
			path = Relations;
			sourceTree = "<group>";
		};
		1F2E54252988865A007992FA /* ViewModels */ = {
			isa = PBXGroup;
			children = (
				1F2DA31D2988C92200837D0B /* SidebarGroupAddViewModel.swift */,
				1F2DA31F2988C9A000837D0B /* SidebarGroupViewModel.swift */,
				1FF1D354298C201D003B4F2B /* PaperAddViewModel.swift */,
				1F4ED67C298DA7FB005732DE /* PapersViewModel.swift */,
			);
			path = ViewModels;
			sourceTree = "<group>";
		};
		1FAF9DE92981B9E5000C7D33 = {
			isa = PBXGroup;
			children = (
				1F28102A29832CD700A6D4CD /* Credits.html */,
				1FAF9E372981CA53000C7D33 /* README.md */,
				1FAF9DF42981B9E5000C7D33 /* Paperoad */,
				1FAF9E062981B9E7000C7D33 /* PaperoadTests */,
				1FAF9E102981B9E7000C7D33 /* PaperoadUITests */,
				1FAF9DF32981B9E5000C7D33 /* Products */,
				1F26B9482987443000709752 /* Frameworks */,
			);
			sourceTree = "<group>";
		};
		1FAF9DF32981B9E5000C7D33 /* Products */ = {
			isa = PBXGroup;
			children = (
				1FAF9DF22981B9E5000C7D33 /* Paperoad.app */,
				1FAF9E032981B9E7000C7D33 /* PaperoadTests.xctest */,
				1FAF9E0D2981B9E7000C7D33 /* PaperoadUITests.xctest */,
			);
			name = Products;
			sourceTree = "<group>";
		};
		1FAF9DF42981B9E5000C7D33 /* Paperoad */ = {
			isa = PBXGroup;
			children = (
				1FF1D356298C3EF8003B4F2B /* Tools */,
				1FF1D34B298B0B7B003B4F2B /* Shared */,
				1F2E54252988865A007992FA /* ViewModels */,
				1F26B9452985F41300709752 /* Data */,
				1FAF9E202981BC0A000C7D33 /* UI */,
				1FAF9DF52981B9E6000C7D33 /* PaperoadApp.swift */,
				1FAF9DF92981B9E7000C7D33 /* Assets.xcassets */,
				1FAF9DFE2981B9E7000C7D33 /* Paperoad.entitlements */,
				1FAF9E382981CBCB000C7D33 /* .swiftlint.yml */,
				1F2DA2D72988BC2F00837D0B /* Paperoad.xcdatamodeld */,
				1FAF9DFB2981B9E7000C7D33 /* Preview Content */,
			);
			path = Paperoad;
			sourceTree = "<group>";
		};
		1FAF9DFB2981B9E7000C7D33 /* Preview Content */ = {
			isa = PBXGroup;
			children = (
				1FAF9DFC2981B9E7000C7D33 /* Preview Assets.xcassets */,
			);
			path = "Preview Content";
			sourceTree = "<group>";
		};
		1FAF9E062981B9E7000C7D33 /* PaperoadTests */ = {
			isa = PBXGroup;
			children = (
				1FAF9E072981B9E7000C7D33 /* PaperoadTests.swift */,
			);
			path = PaperoadTests;
			sourceTree = "<group>";
		};
		1FAF9E102981B9E7000C7D33 /* PaperoadUITests */ = {
			isa = PBXGroup;
			children = (
				1FAF9E112981B9E7000C7D33 /* PaperoadUITests.swift */,
				1FAF9E132981B9E7000C7D33 /* PaperoadUITestsLaunchTests.swift */,
			);
			path = PaperoadUITests;
			sourceTree = "<group>";
		};
		1FAF9E202981BC0A000C7D33 /* UI */ = {
			isa = PBXGroup;
			children = (
				1F2DA2982988AE1000837D0B /* Tweak */,
				1F26B9392985DAAE00709752 /* Sheets */,
				1FAF9E622984771E000C7D33 /* Papers */,
				1FAF9E5F29846A4A000C7D33 /* Main */,
				1F28102429832A2B00A6D4CD /* Settings */,
				1F2810232983184100A6D4CD /* Sidebar */,
				1FAF9DF72981B9E6000C7D33 /* ContentView.swift */,
			);
			path = UI;
			sourceTree = "<group>";
		};
		1FAF9E5F29846A4A000C7D33 /* Main */ = {
			isa = PBXGroup;
			children = (
				1FAF9E6029846A6B000C7D33 /* MainView.swift */,
			);
			path = Main;
			sourceTree = "<group>";
		};
		1FAF9E622984771E000C7D33 /* Papers */ = {
			isa = PBXGroup;
			children = (
				1FF1D359298C4445003B4F2B /* Components */,
				1FAF9E632984773B000C7D33 /* PapersView.swift */,
			);
			path = Papers;
			sourceTree = "<group>";
		};
		1FF1D34B298B0B7B003B4F2B /* Shared */ = {
			isa = PBXGroup;
			children = (
				1FF1D34D298B0C5F003B4F2B /* Data.swift */,
			);
			path = Shared;
			sourceTree = "<group>";
		};
		1FF1D356298C3EF8003B4F2B /* Tools */ = {
			isa = PBXGroup;
			children = (
				1FF1D357298C3F05003B4F2B /* Date.swift */,
			);
			path = Tools;
			sourceTree = "<group>";
		};
		1FF1D359298C4445003B4F2B /* Components */ = {
			isa = PBXGroup;
			children = (
				1FF1D35A298C4454003B4F2B /* PaperListItem.swift */,
			);
			path = Components;
			sourceTree = "<group>";
		};
/* End PBXGroup section */

/* Begin PBXNativeTarget section */
		1FAF9DF12981B9E5000C7D33 /* Paperoad */ = {
			isa = PBXNativeTarget;
			buildConfigurationList = 1FAF9E172981B9E7000C7D33 /* Build configuration list for PBXNativeTarget "Paperoad" */;
			buildPhases = (
				1FAF9DEE2981B9E5000C7D33 /* Sources */,
				1FAF9DEF2981B9E5000C7D33 /* Frameworks */,
				1FAF9DF02981B9E5000C7D33 /* Resources */,
				1F26B9542987443000709752 /* Embed Frameworks */,
			);
			buildRules = (
			);
			dependencies = (
			);
			name = Paperoad;
			packageProductDependencies = (
				1F0CA055298DCAC5005F6F10 /* LoremSwiftum */,
			);
			productName = Paperoad;
			productReference = 1FAF9DF22981B9E5000C7D33 /* Paperoad.app */;
			productType = "com.apple.product-type.application";
		};
		1FAF9E022981B9E7000C7D33 /* PaperoadTests */ = {
			isa = PBXNativeTarget;
			buildConfigurationList = 1FAF9E1A2981B9E7000C7D33 /* Build configuration list for PBXNativeTarget "PaperoadTests" */;
			buildPhases = (
				1FAF9DFF2981B9E7000C7D33 /* Sources */,
				1FAF9E002981B9E7000C7D33 /* Frameworks */,
				1FAF9E012981B9E7000C7D33 /* Resources */,
			);
			buildRules = (
			);
			dependencies = (
				1FAF9E052981B9E7000C7D33 /* PBXTargetDependency */,
			);
			name = PaperoadTests;
			productName = PaperoadTests;
			productReference = 1FAF9E032981B9E7000C7D33 /* PaperoadTests.xctest */;
			productType = "com.apple.product-type.bundle.unit-test";
		};
		1FAF9E0C2981B9E7000C7D33 /* PaperoadUITests */ = {
			isa = PBXNativeTarget;
			buildConfigurationList = 1FAF9E1D2981B9E7000C7D33 /* Build configuration list for PBXNativeTarget "PaperoadUITests" */;
			buildPhases = (
				1FAF9E092981B9E7000C7D33 /* Sources */,
				1FAF9E0A2981B9E7000C7D33 /* Frameworks */,
				1FAF9E0B2981B9E7000C7D33 /* Resources */,
			);
			buildRules = (
			);
			dependencies = (
				1FAF9E0F2981B9E7000C7D33 /* PBXTargetDependency */,
			);
			name = PaperoadUITests;
			productName = PaperoadUITests;
			productReference = 1FAF9E0D2981B9E7000C7D33 /* PaperoadUITests.xctest */;
			productType = "com.apple.product-type.bundle.ui-testing";
		};
/* End PBXNativeTarget section */

/* Begin PBXProject section */
		1FAF9DEA2981B9E5000C7D33 /* Project object */ = {
			isa = PBXProject;
			attributes = {
				BuildIndependentTargetsInParallel = 1;
				LastSwiftUpdateCheck = 1400;
				LastUpgradeCheck = 1420;
				TargetAttributes = {
					1FAF9DF12981B9E5000C7D33 = {
						CreatedOnToolsVersion = 14.0.1;
					};
					1FAF9E022981B9E7000C7D33 = {
						CreatedOnToolsVersion = 14.0.1;
						TestTargetID = 1FAF9DF12981B9E5000C7D33;
					};
					1FAF9E0C2981B9E7000C7D33 = {
						CreatedOnToolsVersion = 14.0.1;
						TestTargetID = 1FAF9DF12981B9E5000C7D33;
					};
				};
			};
			buildConfigurationList = 1FAF9DED2981B9E5000C7D33 /* Build configuration list for PBXProject "Paperoad" */;
			compatibilityVersion = "Xcode 14.0";
			developmentRegion = en;
			hasScannedForEncodings = 0;
			knownRegions = (
				en,
				Base,
			);
			mainGroup = 1FAF9DE92981B9E5000C7D33;
			packageReferences = (
				1F0CA054298DCAC5005F6F10 /* XCRemoteSwiftPackageReference "LoremSwiftum" */,
			);
			productRefGroup = 1FAF9DF32981B9E5000C7D33 /* Products */;
			projectDirPath = "";
			projectRoot = "";
			targets = (
				1FAF9DF12981B9E5000C7D33 /* Paperoad */,
				1FAF9E022981B9E7000C7D33 /* PaperoadTests */,
				1FAF9E0C2981B9E7000C7D33 /* PaperoadUITests */,
			);
		};
/* End PBXProject section */

/* Begin PBXResourcesBuildPhase section */
		1FAF9DF02981B9E5000C7D33 /* Resources */ = {
			isa = PBXResourcesBuildPhase;
			buildActionMask = 2147483647;
			files = (
				1FAF9E392981CBCB000C7D33 /* .swiftlint.yml in Resources */,
				1FAF9DFD2981B9E7000C7D33 /* Preview Assets.xcassets in Resources */,
				1FAF9DFA2981B9E7000C7D33 /* Assets.xcassets in Resources */,
				1F28102B29832CD700A6D4CD /* Credits.html in Resources */,
			);
			runOnlyForDeploymentPostprocessing = 0;
		};
		1FAF9E012981B9E7000C7D33 /* Resources */ = {
			isa = PBXResourcesBuildPhase;
			buildActionMask = 2147483647;
			files = (
			);
			runOnlyForDeploymentPostprocessing = 0;
		};
		1FAF9E0B2981B9E7000C7D33 /* Resources */ = {
			isa = PBXResourcesBuildPhase;
			buildActionMask = 2147483647;
			files = (
			);
			runOnlyForDeploymentPostprocessing = 0;
		};
/* End PBXResourcesBuildPhase section */

/* Begin PBXSourcesBuildPhase section */
		1FAF9DEE2981B9E5000C7D33 /* Sources */ = {
			isa = PBXSourcesBuildPhase;
			buildActionMask = 2147483647;
			files = (
				1FF1D358298C3F05003B4F2B /* Date.swift in Sources */,
				1F28102629832A6000A6D4CD /* SettingsView.swift in Sources */,
				1FF1D348298ACAF9003B4F2B /* PaperAddView.swift in Sources */,
				1F2DA3202988C9A000837D0B /* SidebarGroupViewModel.swift in Sources */,
				1FAF9E6129846A6B000C7D33 /* MainView.swift in Sources */,
				1F2DA31C2988C4FC00837D0B /* Group.swift in Sources */,
				1F2810302983361C00A6D4CD /* SidebarTagView.swift in Sources */,
				1FF1D34A298B0AD5003B4F2B /* PaperAddByIdView.swift in Sources */,
				1FF1D353298C16E0003B4F2B /* Button.swift in Sources */,
				1FAF9E642984773B000C7D33 /* PapersView.swift in Sources */,
				1F2DA31E2988C92200837D0B /* SidebarGroupAddViewModel.swift in Sources */,
				1FAF9DF82981B9E6000C7D33 /* ContentView.swift in Sources */,
				1FF1D355298C201D003B4F2B /* PaperAddViewModel.swift in Sources */,
				1FAF9DF62981B9E6000C7D33 /* PaperoadApp.swift in Sources */,
				1FF1D34E298B0C5F003B4F2B /* Data.swift in Sources */,
				1F28102229830C8500A6D4CD /* SidebarView.swift in Sources */,
				1F2DA29A2988AE1E00837D0B /* TextField.swift in Sources */,
				1FF1D35B298C4454003B4F2B /* PaperListItem.swift in Sources */,
				1F4ED67D298DA7FB005732DE /* PapersViewModel.swift in Sources */,
				1F28103429834FC500A6D4CD /* SidebarActionView.swift in Sources */,
				1F2DA2D92988BC2F00837D0B /* Paperoad.xcdatamodeld in Sources */,
				1F28102929832AEF00A6D4CD /* GeneralView.swift in Sources */,
				1F28102E2983361200A6D4CD /* SidebarGroupView.swift in Sources */,
				1F28103E2985B8BB00A6D4CD /* SidebarGroupAddView.swift in Sources */,
				1F2DA3192988C46800837D0B /* PersistentController.swift in Sources */,
				1F0CA095298F6DAE005F6F10 /* StorageView.swift in Sources */,
			);
			runOnlyForDeploymentPostprocessing = 0;
		};
		1FAF9DFF2981B9E7000C7D33 /* Sources */ = {
			isa = PBXSourcesBuildPhase;
			buildActionMask = 2147483647;
			files = (
				1FAF9E082981B9E7000C7D33 /* PaperoadTests.swift in Sources */,
			);
			runOnlyForDeploymentPostprocessing = 0;
		};
		1FAF9E092981B9E7000C7D33 /* Sources */ = {
			isa = PBXSourcesBuildPhase;
			buildActionMask = 2147483647;
			files = (
				1FAF9E142981B9E7000C7D33 /* PaperoadUITestsLaunchTests.swift in Sources */,
				1FAF9E122981B9E7000C7D33 /* PaperoadUITests.swift in Sources */,
			);
			runOnlyForDeploymentPostprocessing = 0;
		};
/* End PBXSourcesBuildPhase section */

/* Begin PBXTargetDependency section */
		1FAF9E052981B9E7000C7D33 /* PBXTargetDependency */ = {
			isa = PBXTargetDependency;
			target = 1FAF9DF12981B9E5000C7D33 /* Paperoad */;
			targetProxy = 1FAF9E042981B9E7000C7D33 /* PBXContainerItemProxy */;
		};
		1FAF9E0F2981B9E7000C7D33 /* PBXTargetDependency */ = {
			isa = PBXTargetDependency;
			target = 1FAF9DF12981B9E5000C7D33 /* Paperoad */;
			targetProxy = 1FAF9E0E2981B9E7000C7D33 /* PBXContainerItemProxy */;
		};
/* End PBXTargetDependency section */

/* Begin XCBuildConfiguration section */
		1FAF9E152981B9E7000C7D33 /* Debug */ = {
			isa = XCBuildConfiguration;
			buildSettings = {
				ALWAYS_SEARCH_USER_PATHS = NO;
				CLANG_ANALYZER_NONNULL = YES;
				CLANG_ANALYZER_NUMBER_OBJECT_CONVERSION = YES_AGGRESSIVE;
				CLANG_CXX_LANGUAGE_STANDARD = "gnu++20";
				CLANG_ENABLE_MODULES = YES;
				CLANG_ENABLE_OBJC_ARC = YES;
				CLANG_ENABLE_OBJC_WEAK = YES;
				CLANG_WARN_BLOCK_CAPTURE_AUTORELEASING = YES;
				CLANG_WARN_BOOL_CONVERSION = YES;
				CLANG_WARN_COMMA = YES;
				CLANG_WARN_CONSTANT_CONVERSION = YES;
				CLANG_WARN_DEPRECATED_OBJC_IMPLEMENTATIONS = YES;
				CLANG_WARN_DIRECT_OBJC_ISA_USAGE = YES_ERROR;
				CLANG_WARN_DOCUMENTATION_COMMENTS = YES;
				CLANG_WARN_EMPTY_BODY = YES;
				CLANG_WARN_ENUM_CONVERSION = YES;
				CLANG_WARN_INFINITE_RECURSION = YES;
				CLANG_WARN_INT_CONVERSION = YES;
				CLANG_WARN_NON_LITERAL_NULL_CONVERSION = YES;
				CLANG_WARN_OBJC_IMPLICIT_RETAIN_SELF = YES;
				CLANG_WARN_OBJC_LITERAL_CONVERSION = YES;
				CLANG_WARN_OBJC_ROOT_CLASS = YES_ERROR;
				CLANG_WARN_QUOTED_INCLUDE_IN_FRAMEWORK_HEADER = YES;
				CLANG_WARN_RANGE_LOOP_ANALYSIS = YES;
				CLANG_WARN_STRICT_PROTOTYPES = YES;
				CLANG_WARN_SUSPICIOUS_MOVE = YES;
				CLANG_WARN_UNGUARDED_AVAILABILITY = YES_AGGRESSIVE;
				CLANG_WARN_UNREACHABLE_CODE = YES;
				CLANG_WARN__DUPLICATE_METHOD_MATCH = YES;
				COPY_PHASE_STRIP = NO;
				DEAD_CODE_STRIPPING = YES;
				DEBUG_INFORMATION_FORMAT = dwarf;
				ENABLE_STRICT_OBJC_MSGSEND = YES;
				ENABLE_TESTABILITY = YES;
				GCC_C_LANGUAGE_STANDARD = gnu11;
				GCC_DYNAMIC_NO_PIC = NO;
				GCC_NO_COMMON_BLOCKS = YES;
				GCC_OPTIMIZATION_LEVEL = 0;
				GCC_PREPROCESSOR_DEFINITIONS = (
					"DEBUG=1",
					"$(inherited)",
				);
				GCC_WARN_64_TO_32_BIT_CONVERSION = YES;
				GCC_WARN_ABOUT_RETURN_TYPE = YES_ERROR;
				GCC_WARN_UNDECLARED_SELECTOR = YES;
				GCC_WARN_UNINITIALIZED_AUTOS = YES_AGGRESSIVE;
				GCC_WARN_UNUSED_FUNCTION = YES;
				GCC_WARN_UNUSED_VARIABLE = YES;
				MACOSX_DEPLOYMENT_TARGET = 13.0;
				MTL_ENABLE_DEBUG_INFO = INCLUDE_SOURCE;
				MTL_FAST_MATH = YES;
				ONLY_ACTIVE_ARCH = YES;
				SDKROOT = macosx;
				SWIFT_ACTIVE_COMPILATION_CONDITIONS = DEBUG;
				SWIFT_OPTIMIZATION_LEVEL = "-Onone";
			};
			name = Debug;
		};
		1FAF9E162981B9E7000C7D33 /* Release */ = {
			isa = XCBuildConfiguration;
			buildSettings = {
				ALWAYS_SEARCH_USER_PATHS = NO;
				CLANG_ANALYZER_NONNULL = YES;
				CLANG_ANALYZER_NUMBER_OBJECT_CONVERSION = YES_AGGRESSIVE;
				CLANG_CXX_LANGUAGE_STANDARD = "gnu++20";
				CLANG_ENABLE_MODULES = YES;
				CLANG_ENABLE_OBJC_ARC = YES;
				CLANG_ENABLE_OBJC_WEAK = YES;
				CLANG_WARN_BLOCK_CAPTURE_AUTORELEASING = YES;
				CLANG_WARN_BOOL_CONVERSION = YES;
				CLANG_WARN_COMMA = YES;
				CLANG_WARN_CONSTANT_CONVERSION = YES;
				CLANG_WARN_DEPRECATED_OBJC_IMPLEMENTATIONS = YES;
				CLANG_WARN_DIRECT_OBJC_ISA_USAGE = YES_ERROR;
				CLANG_WARN_DOCUMENTATION_COMMENTS = YES;
				CLANG_WARN_EMPTY_BODY = YES;
				CLANG_WARN_ENUM_CONVERSION = YES;
				CLANG_WARN_INFINITE_RECURSION = YES;
				CLANG_WARN_INT_CONVERSION = YES;
				CLANG_WARN_NON_LITERAL_NULL_CONVERSION = YES;
				CLANG_WARN_OBJC_IMPLICIT_RETAIN_SELF = YES;
				CLANG_WARN_OBJC_LITERAL_CONVERSION = YES;
				CLANG_WARN_OBJC_ROOT_CLASS = YES_ERROR;
				CLANG_WARN_QUOTED_INCLUDE_IN_FRAMEWORK_HEADER = YES;
				CLANG_WARN_RANGE_LOOP_ANALYSIS = YES;
				CLANG_WARN_STRICT_PROTOTYPES = YES;
				CLANG_WARN_SUSPICIOUS_MOVE = YES;
				CLANG_WARN_UNGUARDED_AVAILABILITY = YES_AGGRESSIVE;
				CLANG_WARN_UNREACHABLE_CODE = YES;
				CLANG_WARN__DUPLICATE_METHOD_MATCH = YES;
				COPY_PHASE_STRIP = NO;
				DEAD_CODE_STRIPPING = YES;
				DEBUG_INFORMATION_FORMAT = "dwarf-with-dsym";
				ENABLE_NS_ASSERTIONS = NO;
				ENABLE_STRICT_OBJC_MSGSEND = YES;
				GCC_C_LANGUAGE_STANDARD = gnu11;
				GCC_NO_COMMON_BLOCKS = YES;
				GCC_WARN_64_TO_32_BIT_CONVERSION = YES;
				GCC_WARN_ABOUT_RETURN_TYPE = YES_ERROR;
				GCC_WARN_UNDECLARED_SELECTOR = YES;
				GCC_WARN_UNINITIALIZED_AUTOS = YES_AGGRESSIVE;
				GCC_WARN_UNUSED_FUNCTION = YES;
				GCC_WARN_UNUSED_VARIABLE = YES;
				MACOSX_DEPLOYMENT_TARGET = 13.0;
				MTL_ENABLE_DEBUG_INFO = NO;
				MTL_FAST_MATH = YES;
				SDKROOT = macosx;
				SWIFT_COMPILATION_MODE = wholemodule;
				SWIFT_OPTIMIZATION_LEVEL = "-O";
			};
			name = Release;
		};
		1FAF9E182981B9E7000C7D33 /* Debug */ = {
			isa = XCBuildConfiguration;
			buildSettings = {
				ASSETCATALOG_COMPILER_APPICON_NAME = AppIcon;
				ASSETCATALOG_COMPILER_GLOBAL_ACCENT_COLOR_NAME = AccentColor;
				ASSETCATALOG_COMPILER_INCLUDE_ALL_APPICON_ASSETS = NO;
				CODE_SIGN_ENTITLEMENTS = Paperoad/Paperoad.entitlements;
				CODE_SIGN_IDENTITY = "-";
				CODE_SIGN_STYLE = Automatic;
				COMBINE_HIDPI_IMAGES = YES;
				CURRENT_PROJECT_VERSION = 1;
				DEAD_CODE_STRIPPING = YES;
				DEVELOPMENT_ASSET_PATHS = "\"Paperoad/Preview Content\"";
				DEVELOPMENT_TEAM = 8B4VH988UL;
				ENABLE_HARDENED_RUNTIME = YES;
				ENABLE_PREVIEWS = YES;
				GENERATE_INFOPLIST_FILE = YES;
				INFOPLIST_KEY_LSApplicationCategoryType = "public.app-category.education";
				INFOPLIST_KEY_NSHumanReadableCopyright = "";
				LD_RUNPATH_SEARCH_PATHS = (
					"$(inherited)",
					"@executable_path/../Frameworks",
				);
				MACOSX_DEPLOYMENT_TARGET = 13.0;
				MARKETING_VERSION = 1.0;
				PRODUCT_BUNDLE_IDENTIFIER = app.dbms.tgeng.Paperoad;
				PRODUCT_NAME = "$(TARGET_NAME)";
				SWIFT_EMIT_LOC_STRINGS = YES;
				SWIFT_VERSION = 5.0;
			};
			name = Debug;
		};
		1FAF9E192981B9E7000C7D33 /* Release */ = {
			isa = XCBuildConfiguration;
			buildSettings = {
				ASSETCATALOG_COMPILER_APPICON_NAME = AppIcon;
				ASSETCATALOG_COMPILER_GLOBAL_ACCENT_COLOR_NAME = AccentColor;
				ASSETCATALOG_COMPILER_INCLUDE_ALL_APPICON_ASSETS = NO;
				CODE_SIGN_ENTITLEMENTS = Paperoad/Paperoad.entitlements;
				CODE_SIGN_IDENTITY = "-";
				CODE_SIGN_STYLE = Automatic;
				COMBINE_HIDPI_IMAGES = YES;
				CURRENT_PROJECT_VERSION = 1;
				DEAD_CODE_STRIPPING = YES;
				DEVELOPMENT_ASSET_PATHS = "\"Paperoad/Preview Content\"";
				DEVELOPMENT_TEAM = 8B4VH988UL;
				ENABLE_HARDENED_RUNTIME = YES;
				ENABLE_PREVIEWS = YES;
				GENERATE_INFOPLIST_FILE = YES;
				INFOPLIST_KEY_LSApplicationCategoryType = "public.app-category.education";
				INFOPLIST_KEY_NSHumanReadableCopyright = "";
				LD_RUNPATH_SEARCH_PATHS = (
					"$(inherited)",
					"@executable_path/../Frameworks",
				);
				MACOSX_DEPLOYMENT_TARGET = 13.0;
				MARKETING_VERSION = 1.0;
				PRODUCT_BUNDLE_IDENTIFIER = app.dbms.tgeng.Paperoad;
				PRODUCT_NAME = "$(TARGET_NAME)";
				SWIFT_EMIT_LOC_STRINGS = YES;
				SWIFT_VERSION = 5.0;
			};
			name = Release;
		};
		1FAF9E1B2981B9E7000C7D33 /* Debug */ = {
			isa = XCBuildConfiguration;
			buildSettings = {
				ALWAYS_EMBED_SWIFT_STANDARD_LIBRARIES = YES;
				BUNDLE_LOADER = "$(TEST_HOST)";
				CODE_SIGN_STYLE = Automatic;
				CURRENT_PROJECT_VERSION = 1;
				DEAD_CODE_STRIPPING = YES;
				DEVELOPMENT_TEAM = 8B4VH988UL;
				GENERATE_INFOPLIST_FILE = YES;
				MACOSX_DEPLOYMENT_TARGET = 12.3;
				MARKETING_VERSION = 1.0;
				PRODUCT_BUNDLE_IDENTIFIER = app.dbms.tgeng.PaperoadTests;
				PRODUCT_NAME = "$(TARGET_NAME)";
				SWIFT_EMIT_LOC_STRINGS = NO;
				SWIFT_VERSION = 5.0;
				TEST_HOST = "$(BUILT_PRODUCTS_DIR)/Paperoad.app/$(BUNDLE_EXECUTABLE_FOLDER_PATH)/Paperoad";
			};
			name = Debug;
		};
		1FAF9E1C2981B9E7000C7D33 /* Release */ = {
			isa = XCBuildConfiguration;
			buildSettings = {
				ALWAYS_EMBED_SWIFT_STANDARD_LIBRARIES = YES;
				BUNDLE_LOADER = "$(TEST_HOST)";
				CODE_SIGN_STYLE = Automatic;
				CURRENT_PROJECT_VERSION = 1;
				DEAD_CODE_STRIPPING = YES;
				DEVELOPMENT_TEAM = 8B4VH988UL;
				GENERATE_INFOPLIST_FILE = YES;
				MACOSX_DEPLOYMENT_TARGET = 12.3;
				MARKETING_VERSION = 1.0;
				PRODUCT_BUNDLE_IDENTIFIER = app.dbms.tgeng.PaperoadTests;
				PRODUCT_NAME = "$(TARGET_NAME)";
				SWIFT_EMIT_LOC_STRINGS = NO;
				SWIFT_VERSION = 5.0;
				TEST_HOST = "$(BUILT_PRODUCTS_DIR)/Paperoad.app/$(BUNDLE_EXECUTABLE_FOLDER_PATH)/Paperoad";
			};
			name = Release;
		};
		1FAF9E1E2981B9E7000C7D33 /* Debug */ = {
			isa = XCBuildConfiguration;
			buildSettings = {
				ALWAYS_EMBED_SWIFT_STANDARD_LIBRARIES = YES;
				CODE_SIGN_STYLE = Automatic;
				CURRENT_PROJECT_VERSION = 1;
				DEAD_CODE_STRIPPING = YES;
				DEVELOPMENT_TEAM = 8B4VH988UL;
				GENERATE_INFOPLIST_FILE = YES;
				MARKETING_VERSION = 1.0;
				PRODUCT_BUNDLE_IDENTIFIER = app.dbms.tgeng.PaperoadUITests;
				PRODUCT_NAME = "$(TARGET_NAME)";
				SWIFT_EMIT_LOC_STRINGS = NO;
				SWIFT_VERSION = 5.0;
				TEST_TARGET_NAME = Paperoad;
			};
			name = Debug;
		};
		1FAF9E1F2981B9E7000C7D33 /* Release */ = {
			isa = XCBuildConfiguration;
			buildSettings = {
				ALWAYS_EMBED_SWIFT_STANDARD_LIBRARIES = YES;
				CODE_SIGN_STYLE = Automatic;
				CURRENT_PROJECT_VERSION = 1;
				DEAD_CODE_STRIPPING = YES;
				DEVELOPMENT_TEAM = 8B4VH988UL;
				GENERATE_INFOPLIST_FILE = YES;
				MARKETING_VERSION = 1.0;
				PRODUCT_BUNDLE_IDENTIFIER = app.dbms.tgeng.PaperoadUITests;
				PRODUCT_NAME = "$(TARGET_NAME)";
				SWIFT_EMIT_LOC_STRINGS = NO;
				SWIFT_VERSION = 5.0;
				TEST_TARGET_NAME = Paperoad;
			};
			name = Release;
		};
/* End XCBuildConfiguration section */

/* Begin XCConfigurationList section */
		1FAF9DED2981B9E5000C7D33 /* Build configuration list for PBXProject "Paperoad" */ = {
			isa = XCConfigurationList;
			buildConfigurations = (
				1FAF9E152981B9E7000C7D33 /* Debug */,
				1FAF9E162981B9E7000C7D33 /* Release */,
			);
			defaultConfigurationIsVisible = 0;
			defaultConfigurationName = Release;
		};
		1FAF9E172981B9E7000C7D33 /* Build configuration list for PBXNativeTarget "Paperoad" */ = {
			isa = XCConfigurationList;
			buildConfigurations = (
				1FAF9E182981B9E7000C7D33 /* Debug */,
				1FAF9E192981B9E7000C7D33 /* Release */,
			);
			defaultConfigurationIsVisible = 0;
			defaultConfigurationName = Release;
		};
		1FAF9E1A2981B9E7000C7D33 /* Build configuration list for PBXNativeTarget "PaperoadTests" */ = {
			isa = XCConfigurationList;
			buildConfigurations = (
				1FAF9E1B2981B9E7000C7D33 /* Debug */,
				1FAF9E1C2981B9E7000C7D33 /* Release */,
			);
			defaultConfigurationIsVisible = 0;
			defaultConfigurationName = Release;
		};
		1FAF9E1D2981B9E7000C7D33 /* Build configuration list for PBXNativeTarget "PaperoadUITests" */ = {
			isa = XCConfigurationList;
			buildConfigurations = (
				1FAF9E1E2981B9E7000C7D33 /* Debug */,
				1FAF9E1F2981B9E7000C7D33 /* Release */,
			);
			defaultConfigurationIsVisible = 0;
			defaultConfigurationName = Release;
		};
/* End XCConfigurationList section */

/* Begin XCRemoteSwiftPackageReference section */
		1F0CA054298DCAC5005F6F10 /* XCRemoteSwiftPackageReference "LoremSwiftum" */ = {
			isa = XCRemoteSwiftPackageReference;
			repositoryURL = "https://github.com/lukaskubanek/LoremSwiftum.git";
			requirement = {
				branch = master;
				kind = branch;
			};
		};
/* End XCRemoteSwiftPackageReference section */

/* Begin XCSwiftPackageProductDependency section */
		1F0CA055298DCAC5005F6F10 /* LoremSwiftum */ = {
			isa = XCSwiftPackageProductDependency;
			package = 1F0CA054298DCAC5005F6F10 /* XCRemoteSwiftPackageReference "LoremSwiftum" */;
			productName = LoremSwiftum;
		};
/* End XCSwiftPackageProductDependency section */

/* Begin XCVersionGroup section */
		1F2DA2D72988BC2F00837D0B /* Paperoad.xcdatamodeld */ = {
			isa = XCVersionGroup;
			children = (
				1F2DA2D82988BC2F00837D0B /* Paperoad.xcdatamodel */,
			);
			currentVersion = 1F2DA2D82988BC2F00837D0B /* Paperoad.xcdatamodel */;
			path = Paperoad.xcdatamodeld;
			sourceTree = "<group>";
			versionGroupType = wrapper.xcdatamodel;
		};
/* End XCVersionGroup section */
	};
	rootObject = 1FAF9DEA2981B9E5000C7D33 /* Project object */;
}
